{"SurveyEntry":{"SurveyID":"SV_9AjOdbNsKV3xBlk","SurveyName":"M2C2kit Task Embed Template","SurveyDescription":null,"SurveyOwnerID":"UR_bQ8Km461TfS9XlX","SurveyBrandID":"pennstate","DivisionID":"DV_4HIy8GOvjK0jqaE","SurveyLanguage":"EN","SurveyActiveResponseSet":"RS_dmadu5eEOTC22OO","SurveyStatus":"Active","SurveyStartDate":"0000-00-00 00:00:00","SurveyExpirationDate":"0000-00-00 00:00:00","SurveyCreationDate":"2023-04-20 10:29:13","CreatorID":"UR_bQ8Km461TfS9XlX","LastModified":"2023-10-04 14:57:27","LastAccessed":"0000-00-00 00:00:00","LastActivated":"2023-08-04 10:55:18","Deleted":null},"SurveyElements":[{"SurveyID":"SV_9AjOdbNsKV3xBlk","Element":"BL","PrimaryAttribute":"Survey Blocks","SecondaryAttribute":null,"TertiaryAttribute":null,"Payload":[{"Type":"Default","Description":"Surveys","ID":"BL_cIOwlMgeEI3lap8","BlockElements":[{"Type":"Question","QuestionID":"QID1"}]},{"Type":"Trash","Description":"Trash \/ Unused Questions","ID":"BL_3fRgn16UsPJT8Ts"},{"Type":"Standard","SubType":"","Description":"Cogtasks","ID":"BL_abHomLtQssytb5I","BlockElements":[{"Type":"Question","QuestionID":"QID10"},{"Type":"Question","QuestionID":"QID2"},{"Type":"Question","QuestionID":"QID9"},{"Type":"Page Break"},{"Type":"Question","QuestionID":"QID3"},{"Type":"Question","QuestionID":"QID8"},{"Type":"Page Break"},{"Type":"Question","QuestionID":"QID5"},{"Type":"Question","QuestionID":"QID7"},{"Type":"Page Break"},{"Type":"Question","QuestionID":"QID4"},{"Type":"Question","QuestionID":"QID6"}]}]},{"SurveyID":"SV_9AjOdbNsKV3xBlk","Element":"FL","PrimaryAttribute":"Survey Flow","SecondaryAttribute":null,"TertiaryAttribute":null,"Payload":{"Type":"Root","FlowID":"FL_1","Flow":[{"Type":"EmbeddedData","FlowID":"FL_4","EmbeddedData":[{"Description":"PART_ID","Type":"Custom","Field":"PART_ID","VariableType":"String","DataVisibility":[],"AnalyzeText":false,"Value":"${rand:\/\/int\/1000:9999}"},{"Description":"SESSION_ID","Type":"Custom","Field":"SESSION_ID","VariableType":"String","DataVisibility":[],"AnalyzeText":false,"Value":"${rand:\/\/int\/1000:9999}"},{"Description":"BASE_URL","Type":"Custom","Field":"BASE_URL","VariableType":"String","DataVisibility":[],"AnalyzeText":false,"Value":"https:\/\/beta.m2c2kit.com\/m2c2kit\/ntc\/index.html?activity_name"},{"Description":"STUDY_ID","Type":"Custom","Field":"STUDY_ID","VariableType":"String","DataVisibility":[],"AnalyzeText":false,"Value":"QUALTRICS_TEST_STUDY"},{"Description":"M2C2KIT_API_KEY","Type":"Custom","Field":"M2C2KIT_API_KEY","VariableType":"String","DataVisibility":[],"AnalyzeText":false,"Value":"e16a3173-a09e-43b5-81b2-d36369d64fe8"},{"Description":"ADMIN_TYPE","Type":"Custom","Field":"ADMIN_TYPE","VariableType":"String","DataVisibility":[],"AnalyzeText":false,"Value":"qualtrics"},{"Description":"N_TRIALS_SS","Type":"Custom","Field":"N_TRIALS_SS","VariableType":"String","DataVisibility":[],"AnalyzeText":false,"Value":"2"},{"Description":"N_TRIALS_GM","Type":"Custom","Field":"N_TRIALS_GM","VariableType":"String","DataVisibility":[],"AnalyzeText":false,"Value":"2"},{"Description":"N_TRIALS_CD","Type":"Custom","Field":"N_TRIALS_CD","VariableType":"String","DataVisibility":[],"AnalyzeText":false,"Value":"2"},{"Description":"N_TRIALS_CS","Type":"Custom","Field":"N_TRIALS_CS","VariableType":"String","DataVisibility":[],"AnalyzeText":false,"Value":"2"},{"Description":"Referer","Type":"Recipient","Field":"Referer","VariableType":"String","DataVisibility":[],"AnalyzeText":false},{"Description":"UserAgent","Type":"Recipient","Field":"UserAgent","VariableType":"String","DataVisibility":[],"AnalyzeText":false}]},{"Type":"EmbeddedData","FlowID":"FL_5","EmbeddedData":[{"Description":"cogtask_symbolsearch_URL","Type":"Custom","Field":"cogtask_symbolsearch_URL","VariableType":"String","DataVisibility":[],"AnalyzeText":false,"Value":"${e:\/\/Field\/BASE_URL}=symbol-search&n_trials=${e:\/\/Field\/N_TRIALS_SS}&participant_id=${e:\/\/Field\/PART_ID}&session_id=${e:\/\/Field\/SESSION_ID}&study_id=${e:\/\/Field\/STUDY_ID}&api_key=${e:\/\/Field\/M2C2KIT_API_KEY}&admin_type=${e:\/\/Field\/ADMIN_TYPE}"},{"Description":"cogtask_gridmemory_URL","Type":"Custom","Field":"cogtask_gridmemory_URL","VariableType":"String","DataVisibility":[],"AnalyzeText":false,"Value":"${e:\/\/Field\/BASE_URL}=grid-memory&n_trials=${e:\/\/Field\/N_TRIALS_GM}&participant_id=${e:\/\/Field\/PART_ID}&session_id=${e:\/\/Field\/SESSION_ID}&study_id=${e:\/\/Field\/STUDY_ID}&api_key=${e:\/\/Field\/M2C2KIT_API_KEY}&admin_type=${e:\/\/Field\/ADMIN_TYPE}"},{"Description":"cogtask_colordots_URL","Type":"Custom","Field":"cogtask_colordots_URL","VariableType":"String","DataVisibility":[],"AnalyzeText":false,"Value":"${e:\/\/Field\/BASE_URL}=color-dots&n_trials=${e:\/\/Field\/N_TRIALS_CD}&participant_id=${e:\/\/Field\/PART_ID}&session_id=${e:\/\/Field\/SESSION_ID}&study_id=${e:\/\/Field\/STUDY_ID}&api_key=${e:\/\/Field\/M2C2KIT_API_KEY}&admin_type=${e:\/\/Field\/ADMIN_TYPE}"},{"Description":"cogtask_colorshapes_URL","Type":"Custom","Field":"cogtask_colorshapes_URL","VariableType":"String","DataVisibility":[],"AnalyzeText":false,"Value":"${e:\/\/Field\/BASE_URL}=color-shapes&n_trials=${e:\/\/Field\/N_TRIALS_CS}&participant_id=${e:\/\/Field\/PART_ID}&session_id=${e:\/\/Field\/SESSION_ID}&study_id=${e:\/\/Field\/STUDY_ID}&api_key=${e:\/\/Field\/M2C2KIT_API_KEY}&admin_type=${e:\/\/Field\/ADMIN_TYPE}"}]},{"Type":"Block","ID":"BL_cIOwlMgeEI3lap8","FlowID":"FL_2","Autofill":[]},{"Type":"Standard","ID":"BL_abHomLtQssytb5I","FlowID":"FL_3","Autofill":[]}],"Properties":{"Count":5,"RemovedFieldsets":[]}}},{"SurveyID":"SV_9AjOdbNsKV3xBlk","Element":"PL","PrimaryAttribute":"Preview Link","SecondaryAttribute":null,"TertiaryAttribute":null,"Payload":{"PreviewType":"Brand","PreviewID":"20df7c20-1190-41a1-88fe-355e24b6f024"}},{"SurveyID":"SV_9AjOdbNsKV3xBlk","Element":"SO","PrimaryAttribute":"Survey Options","SecondaryAttribute":null,"TertiaryAttribute":null,"Payload":{"BackButton":"false","SaveAndContinue":"true","SurveyProtection":"PublicSurvey","BallotBoxStuffingPrevention":"false","NoIndex":"Yes","SecureResponseFiles":"true","SurveyExpiration":"None","SurveyTermination":"DefaultMessage","Header":"","Footer":"","ProgressBarDisplay":"None","PartialData":"+1 week","ValidationMessage":"","PreviousButton":" \u2190 ","NextButton":" \u2192 ","SurveyTitle":"Qualtrics Survey | Qualtrics Experience Management","SkinLibrary":"pennstate","SkinType":"MQ","Skin":"pennstategeneral_newimproved","NewScoring":1,"SurveyMetaDescription":"The most powerful, simple and trusted way to gather experience data. Start your journey to experience management and try a free account today.","SurveyName":"M2C2kit Task Embed Template","CustomStyles":{"customCSS":"p, h1, h2, h3, h4, h5, h6, body {\n\nfont-size: 150%;\n}"},"ProtectSelectionIds":true}},{"SurveyID":"SV_9AjOdbNsKV3xBlk","Element":"SCO","PrimaryAttribute":"Scoring","SecondaryAttribute":null,"TertiaryAttribute":null,"Payload":{"ScoringCategories":[],"ScoringCategoryGroups":[],"ScoringSummaryCategory":null,"ScoringSummaryAfterQuestions":0,"ScoringSummaryAfterSurvey":0,"DefaultScoringCategory":null,"AutoScoringCategory":null}},{"SurveyID":"SV_9AjOdbNsKV3xBlk","Element":"PROJ","PrimaryAttribute":"CORE","SecondaryAttribute":null,"TertiaryAttribute":"1.1.0","Payload":{"ProjectCategory":"CORE","SchemaVersion":"1.1.0"}},{"SurveyID":"SV_9AjOdbNsKV3xBlk","Element":"STAT","PrimaryAttribute":"Survey Statistics","SecondaryAttribute":null,"TertiaryAttribute":null,"Payload":{"MobileCompatible":true,"ID":"Survey Statistics"}},{"SurveyID":"SV_9AjOdbNsKV3xBlk","Element":"QC","PrimaryAttribute":"Survey Question Count","SecondaryAttribute":"10","TertiaryAttribute":null,"Payload":null},{"SurveyID":"SV_9AjOdbNsKV3xBlk","Element":"SQ","PrimaryAttribute":"QID10","SecondaryAttribute":"Click to write the question text","TertiaryAttribute":null,"Payload":{"QuestionText":"Click to write the question text","DefaultChoices":false,"DataExportTag":"capture_metainfo","QuestionType":"Meta","Selector":"Browser","Configuration":{"QuestionDescriptionOption":"UseText"},"QuestionDescription":"Click to write the question text","Choices":{"1":{"Display":"Browser","TextEntry":1},"2":{"Display":"Version","TextEntry":1},"3":{"Display":"Operating System","TextEntry":1},"4":{"Display":"Screen Resolution","TextEntry":1},"5":{"Display":"Flash Version","TextEntry":1},"6":{"Display":"Java Support","TextEntry":1},"7":{"Display":"User Agent","TextEntry":1}},"GradingData":[],"Language":[],"NextChoiceId":4,"NextAnswerId":1,"QuestionID":"QID10"}},{"SurveyID":"SV_9AjOdbNsKV3xBlk","Element":"RS","PrimaryAttribute":"RS_dmadu5eEOTC22OO","SecondaryAttribute":"Default Response Set","TertiaryAttribute":null,"Payload":null},{"SurveyID":"SV_9AjOdbNsKV3xBlk","Element":"SQ","PrimaryAttribute":"QID2","SecondaryAttribute":"Loading...","TertiaryAttribute":null,"Payload":{"QuestionText":"Loading...","DefaultChoices":false,"DataExportTag":"cogtask_symbolsearch","QuestionType":"DB","Selector":"TB","Configuration":{"QuestionDescriptionOption":"UseText"},"QuestionDescription":"Loading...","ChoiceOrder":[],"Validation":{"Settings":{"Type":"None"}},"GradingData":[],"Language":[],"NextChoiceId":4,"NextAnswerId":1,"QuestionID":"QID2","QuestionJS":"Qualtrics.SurveyEngine.addOnReady(function()\n{\n\t\/\/ Get configuration data from embedded variables\n\tvar width = 400;\n\tvar height = 800;\n\tvar task_url = Qualtrics.SurveyEngine.getEmbeddedData('cogtask_symbolsearch_URL');\n\t\n\t\/\/ Disable next button on page\n\tthis.hideNextButton();\n\tjQuery(\"#Buttons\").hide()\n\n\t\/\/ Show iframed task to user\n\tjQuery(\"#Questions\")\n\t\t.html('<center><iframe allowfullscreen=\"\" src=\"' + task_url + '\" style=\"width:' + \n\t\t\twidth + 'px;height:' + height + 'px;\" frameBorder=\"0\" scrolling=\"no\"><\/iframe><\/center>');\n\tconsole.log(\"iFrame drawn\");\n\t\n\n\t\/\/ Set up auto advance on task complete\n\twindow.addEventListener('message', (event) => {\n\t\tif (event.data['name'] === 'm2c2kit-done') {\n\t\t\t\/\/ Store data into embedded variable\n\t\t\tconsole.log(event.data);\n\t\t\t\n\t\t\t\/\/ Do something when the \"done\" message is received\n\t\t\tconsole.log(\"Event received in parent window (about to show next button)!: \");\n\t\t\t\n\t\t\t\/\/enables the next button - Note that the QuestionData object is bound to this to make it easier to use\n\t\t\tconsole.log(\"programmatically clicking next button\");\n\t\t\tthis.clickNextButton();\n\t\t} else if (event.data['name'] === 'm2c2kit-trialdone') {\n\t\t\t\/\/ Store data into embedded variable\n\t\t} else {\n\t\t\tconsole.log(\"Event received in parent window!: \");\n\t\t\tconsole.log(event);\n\t\t}\n\t});\n});","DataVisibility":{"Private":false,"Hidden":false}}},{"SurveyID":"SV_9AjOdbNsKV3xBlk","Element":"SQ","PrimaryAttribute":"QID3","SecondaryAttribute":"Loading...","TertiaryAttribute":null,"Payload":{"QuestionText":"Loading...","QuestionJS":"Qualtrics.SurveyEngine.addOnReady(function()\n{\n\t\/\/ Get configuration data from embedded variables\n\tvar width = 400;\n\tvar height = 800;\n\tvar task_url = Qualtrics.SurveyEngine.getEmbeddedData('cogtask_gridmemory_URL');\n\t\n\t\/\/ Disable next button on page\n\tthis.hideNextButton();\n\tjQuery(\"#Buttons\").hide()\n\n\t\/\/ Show iframed task to user\n\tjQuery(\"#Questions\")\n\t\t.html('<center><iframe allowfullscreen=\"\" src=\"' + task_url + '\" style=\"width:' + \n\t\t\twidth + 'px;height:' + height + 'px;\" frameBorder=\"0\" scrolling=\"no\"><\/iframe><\/center>');\n\tconsole.log(\"iFrame drawn\");\n\t\n\n\t\/\/ Set up auto advance on task complete\n\twindow.addEventListener('message', (event) => {\n\t\tif (event.data['name'] === 'm2c2kit-done') {\n\t\t\t\/\/ Store data into embedded variable\n\t\t\tconsole.log(event.data);\n\t\t\t\n\t\t\t\/\/ Do something when the \"done\" message is received\n\t\t\tconsole.log(\"Event received in parent window (about to show next button)!: \");\n\t\t\t\n\t\t\t\/\/enables the next button - Note that the QuestionData object is bound to this to make it easier to use\n\t\t\tconsole.log(\"programmatically clicking next button\");\n\t\t\tthis.clickNextButton();\n\t\t} else if (event.data['name'] === 'm2c2kit-trialdone') {\n\t\t\t\/\/ Store data into embedded variable\n\t\t} else {\n\t\t\tconsole.log(\"Event received in parent window!: \");\n\t\t\tconsole.log(event);\n\t\t}\n\t});\n});","DefaultChoices":false,"DataExportTag":"cogtask_gridmemory","QuestionType":"DB","Selector":"TB","DataVisibility":{"Private":false,"Hidden":false},"Configuration":{"QuestionDescriptionOption":"UseText"},"QuestionDescription":"Loading...","ChoiceOrder":[],"Validation":{"Settings":{"Type":"None"}},"GradingData":[],"Language":[],"NextChoiceId":4,"NextAnswerId":1,"QuestionID":"QID3"}},{"SurveyID":"SV_9AjOdbNsKV3xBlk","Element":"SQ","PrimaryAttribute":"QID4","SecondaryAttribute":"Loading...","TertiaryAttribute":null,"Payload":{"QuestionText":"Loading...","QuestionJS":"Qualtrics.SurveyEngine.addOnReady(function()\n{\n\t\/\/ Get configuration data from embedded variables\n\tvar width = 400;\n\tvar height = 800;\n\tvar task_url = Qualtrics.SurveyEngine.getEmbeddedData('cogtask_colordots_URL');\n\t\n\t\/\/ Disable next button on page\n\tthis.hideNextButton();\n\tjQuery(\"#Buttons\").hide()\n\n\t\/\/ Show iframed task to user\n\tjQuery(\"#Questions\")\n\t\t.html('<center><iframe allowfullscreen=\"\" src=\"' + task_url + '\" style=\"width:' + \n\t\t\twidth + 'px;height:' + height + 'px;\" frameBorder=\"0\" scrolling=\"no\"><\/iframe><\/center>');\n\tconsole.log(\"iFrame drawn\");\n\t\n\n\t\/\/ Set up auto advance on task complete\n\twindow.addEventListener('message', (event) => {\n\t\tif (event.data['name'] === 'm2c2kit-done') {\n\t\t\t\/\/ Store data into embedded variable\n\t\t\tconsole.log(event.data);\n\t\t\t\n\t\t\t\/\/ Do something when the \"done\" message is received\n\t\t\tconsole.log(\"Event received in parent window (about to show next button)!: \");\n\t\t\t\n\t\t\t\/\/enables the next button - Note that the QuestionData object is bound to this to make it easier to use\n\t\t\tconsole.log(\"programmatically clicking next button\");\n\t\t\tthis.clickNextButton();\n\t\t} else if (event.data['name'] === 'm2c2kit-trialdone') {\n\t\t\t\/\/ Store data into embedded variable\n\t\t} else {\n\t\t\tconsole.log(\"Event received in parent window!: \");\n\t\t\tconsole.log(event);\n\t\t}\n\t});\n});","DefaultChoices":false,"DataExportTag":"cogtask_colordots","QuestionType":"DB","Selector":"TB","DataVisibility":{"Private":false,"Hidden":false},"Configuration":{"QuestionDescriptionOption":"UseText"},"QuestionDescription":"Loading...","ChoiceOrder":[],"Validation":{"Settings":{"Type":"None"}},"GradingData":[],"Language":[],"NextChoiceId":4,"NextAnswerId":1,"QuestionID":"QID4"}},{"SurveyID":"SV_9AjOdbNsKV3xBlk","Element":"SQ","PrimaryAttribute":"QID5","SecondaryAttribute":"Loading...","TertiaryAttribute":null,"Payload":{"QuestionText":"Loading...","QuestionJS":"Qualtrics.SurveyEngine.addOnReady(function()\n{\n\t\/\/ Get configuration data from embedded variables\n\tvar width = 400;\n\tvar height = 800;\n\tvar task_url = Qualtrics.SurveyEngine.getEmbeddedData('cogtask_colorshapes_URL');\n\t\n\t\/\/ Disable next button on page\n\tthis.hideNextButton();\n\tjQuery(\"#Buttons\").hide()\n\n\t\/\/ Show iframed task to user\n\tjQuery(\"#Questions\")\n\t\t.html('<center><iframe allowfullscreen=\"\" src=\"' + task_url + '\" style=\"width:' + \n\t\t\twidth + 'px;height:' + height + 'px;\" frameBorder=\"0\" scrolling=\"no\"><\/iframe><\/center>');\n\tconsole.log(\"iFrame drawn\");\n\t\n\n\t\/\/ Set up auto advance on task complete\n\twindow.addEventListener('message', (event) => {\n\t\tif (event.data['name'] === 'm2c2kit-done') {\n\t\t\t\/\/ Store data into embedded variable\n\t\t\tconsole.log(event.data);\n\t\t\t\n\t\t\t\/\/ Do something when the \"done\" message is received\n\t\t\tconsole.log(\"Event received in parent window (about to show next button)!: \");\n\t\t\t\n\t\t\t\/\/enables the next button - Note that the QuestionData object is bound to this to make it easier to use\n\t\t\tconsole.log(\"programmatically clicking next button\");\n\t\t\tthis.clickNextButton();\n\t\t} else if (event.data['name'] === 'm2c2kit-trialdone') {\n\t\t\t\/\/ Store data into embedded variable\n\t\t} else {\n\t\t\tconsole.log(\"Event received in parent window!: \");\n\t\t\tconsole.log(event);\n\t\t}\n\t});\n});","DefaultChoices":false,"DataExportTag":"cogtask_colorshapes","QuestionType":"DB","Selector":"TB","DataVisibility":{"Private":false,"Hidden":false},"Configuration":{"QuestionDescriptionOption":"UseText"},"QuestionDescription":"Loading...","ChoiceOrder":[],"Validation":{"Settings":{"Type":"None"}},"GradingData":[],"Language":[],"NextChoiceId":4,"NextAnswerId":1,"QuestionID":"QID5"}},{"SurveyID":"SV_9AjOdbNsKV3xBlk","Element":"SQ","PrimaryAttribute":"QID6","SecondaryAttribute":"Timing","TertiaryAttribute":null,"Payload":{"QuestionText":"Timing","DefaultChoices":false,"DataExportTag":"cogtask_4_timer","QuestionType":"Timing","Selector":"PageTimer","Configuration":{"QuestionDescriptionOption":"UseText","MinSeconds":"0","MaxSeconds":"0"},"QuestionDescription":"Timing","Choices":{"1":{"Display":"First Click"},"2":{"Display":"Last Click"},"3":{"Display":"Page Submit"},"4":{"Display":"Click Count"}},"GradingData":[],"Language":[],"NextChoiceId":24,"NextAnswerId":1,"QuestionID":"QID6"}},{"SurveyID":"SV_9AjOdbNsKV3xBlk","Element":"SQ","PrimaryAttribute":"QID7","SecondaryAttribute":"Timing","TertiaryAttribute":null,"Payload":{"QuestionText":"Timing","DefaultChoices":false,"DataExportTag":"cogtask_3_timer","QuestionType":"Timing","Selector":"PageTimer","DataVisibility":{"Private":false,"Hidden":false},"Configuration":{"QuestionDescriptionOption":"UseText","MinSeconds":"0","MaxSeconds":"0"},"QuestionDescription":"Timing","Choices":{"1":{"Display":"First Click"},"2":{"Display":"Last Click"},"3":{"Display":"Page Submit"},"4":{"Display":"Click Count"}},"GradingData":[],"Language":[],"NextChoiceId":24,"NextAnswerId":1,"QuestionID":"QID7"}},{"SurveyID":"SV_9AjOdbNsKV3xBlk","Element":"SQ","PrimaryAttribute":"QID8","SecondaryAttribute":"Timing","TertiaryAttribute":null,"Payload":{"QuestionText":"Timing","DefaultChoices":false,"DataExportTag":"cogtask_2_timer","QuestionType":"Timing","Selector":"PageTimer","DataVisibility":{"Private":false,"Hidden":false},"Configuration":{"QuestionDescriptionOption":"UseText","MinSeconds":"0","MaxSeconds":"0"},"QuestionDescription":"Timing","Choices":{"1":{"Display":"First Click"},"2":{"Display":"Last Click"},"3":{"Display":"Page Submit"},"4":{"Display":"Click Count"}},"GradingData":[],"Language":[],"NextChoiceId":28,"NextAnswerId":1,"QuestionID":"QID8"}},{"SurveyID":"SV_9AjOdbNsKV3xBlk","Element":"SQ","PrimaryAttribute":"QID9","SecondaryAttribute":"Timing","TertiaryAttribute":null,"Payload":{"QuestionText":"Timing","DefaultChoices":false,"DataExportTag":"cogtask_1_timer","QuestionType":"Timing","Selector":"PageTimer","DataVisibility":{"Private":false,"Hidden":false},"Configuration":{"QuestionDescriptionOption":"UseText","MinSeconds":"0","MaxSeconds":"0"},"QuestionDescription":"Timing","Choices":{"1":{"Display":"First Click"},"2":{"Display":"Last Click"},"3":{"Display":"Page Submit"},"4":{"Display":"Click Count"}},"GradingData":[],"Language":[],"NextChoiceId":32,"NextAnswerId":1,"QuestionID":"QID9"}},{"SurveyID":"SV_9AjOdbNsKV3xBlk","Element":"SQ","PrimaryAttribute":"QID1","SecondaryAttribute":"What is today's day of the week?","TertiaryAttribute":null,"Payload":{"QuestionText":"What is today's day of the week?","DataExportTag":"demo_dow","QuestionType":"MC","Selector":"SAVR","SubSelector":"TX","Configuration":{"QuestionDescriptionOption":"UseText"},"QuestionDescription":"What is today's day of the week?","Choices":{"1":{"Display":"Monday"},"2":{"Display":"Tuesday"},"3":{"Display":"Wednesday"},"4":{"Display":"Thursday"},"5":{"Display":"Friday"},"6":{"Display":"Saturday"},"7":{"Display":"Sunday"}},"ChoiceOrder":["1","2","3","4","5","6","7"],"Validation":{"Settings":{"ForceResponse":"OFF","Type":"None"}},"Language":[],"NextChoiceId":8,"NextAnswerId":1,"QuestionID":"QID1","DataVisibility":{"Private":false,"Hidden":false}}}]}