{"SurveyEntry":{"SurveyID":"SV_cu2x15S6PD9Pcua","SurveyName":"Qualtrics - M2C2kit Demo - Updated November 2023","SurveyDescription":null,"SurveyOwnerID":"UR_bQ8Km461TfS9XlX","SurveyBrandID":"pennstate","DivisionID":"DV_4HIy8GOvjK0jqaE","SurveyLanguage":"EN","SurveyActiveResponseSet":"RS_en6FRNkJct0yHZk","SurveyStatus":"Active","SurveyStartDate":"0000-00-00 00:00:00","SurveyExpirationDate":"0000-00-00 00:00:00","SurveyCreationDate":"2023-11-03 11:45:57","CreatorID":"UR_bQ8Km461TfS9XlX","LastModified":"2023-11-03 11:48:25","LastAccessed":"0000-00-00 00:00:00","LastActivated":"2023-11-03 11:46:43","Deleted":null},"SurveyElements":[{"SurveyID":"SV_cu2x15S6PD9Pcua","Element":"BL","PrimaryAttribute":"Survey Blocks","SecondaryAttribute":null,"TertiaryAttribute":null,"Payload":{"0":{"Type":"Default","Description":"Surveys","ID":"BL_cIOwlMgeEI3lap8","BlockElements":[{"Type":"Page Break"},{"Type":"Question","QuestionID":"QID36"},{"Type":"Page Break"},{"Type":"Question","QuestionID":"QID21"},{"Type":"Page Break"},{"Type":"Question","QuestionID":"QID22"},{"Type":"Page Break"},{"Type":"Question","QuestionID":"QID23"},{"Type":"Page Break"},{"Type":"Question","QuestionID":"QID16"}]},"1":{"Type":"Trash","Description":"Trash \/ Unused Questions","ID":"BL_3fRgn16UsPJT8Ts","BlockElements":[{"Type":"Question","QuestionID":"QID5"},{"Type":"Question","QuestionID":"QID7"},{"Type":"Question","QuestionID":"QID12"},{"Type":"Question","QuestionID":"QID14"},{"Type":"Question","QuestionID":"QID1"},{"Type":"Question","QuestionID":"QID18"},{"Type":"Question","QuestionID":"QID19"},{"Type":"Question","QuestionID":"QID20"},{"Type":"Question","QuestionID":"QID24"},{"Type":"Question","QuestionID":"QID13"},{"Type":"Question","QuestionID":"QID15"},{"Type":"Question","QuestionID":"QID35"},{"Type":"Question","QuestionID":"QID11"},{"Type":"Question","QuestionID":"QID17"},{"Type":"Question","QuestionID":"QID42"}]},"2":{"Type":"Standard","SubType":"","Description":"Cogtask_Symbol_Search","ID":"BL_abHomLtQssytb5I","BlockElements":[{"Type":"Question","QuestionID":"QID10"},{"Type":"Question","QuestionID":"QID2"},{"Type":"Question","QuestionID":"QID9"},{"Type":"Page Break"}]},"4":{"Type":"Standard","SubType":"","Description":"Block 3","ID":"BL_8DnJqlQu377I01E","BlockElements":[{"Type":"Question","QuestionID":"QID29"},{"Type":"Page Break"},{"Type":"Question","QuestionID":"QID30"},{"Type":"Page Break"},{"Type":"Question","QuestionID":"QID31"},{"Type":"Page Break"},{"Type":"Question","QuestionID":"QID32"},{"Type":"Page Break"},{"Type":"Question","QuestionID":"QID33"},{"Type":"Page Break"},{"Type":"Question","QuestionID":"QID34"},{"Type":"Question","QuestionID":"QID48"},{"Type":"Page Break"},{"Type":"Question","QuestionID":"QID50"},{"Type":"Page Break"}],"Options":{"BlockLocking":"false","RandomizeQuestions":"false","BlockVisibility":"Expanded"}},"6":{"Type":"Standard","SubType":"","Description":"Block 1 Intro","ID":"BL_87mKxTmE9L9w1P8","BlockElements":[{"Type":"Question","QuestionID":"QID40"},{"Type":"Page Break"},{"Type":"Question","QuestionID":"QID41"},{"Type":"Page Break"},{"Type":"Question","QuestionID":"QID25"},{"Type":"Page Break"},{"Type":"Question","QuestionID":"QID26"},{"Type":"Page Break"},{"Type":"Question","QuestionID":"QID27"},{"Type":"Page Break"},{"Type":"Question","QuestionID":"QID28"},{"Type":"Page Break"},{"Type":"Question","QuestionID":"QID39"}]},"7":{"Type":"Standard","SubType":"","Description":"Block_Color_Dots","ID":"BL_3dEJSd5SN8BQpRI","BlockElements":[{"Type":"Question","QuestionID":"QID4"},{"Type":"Question","QuestionID":"QID6"}]},"8":{"Type":"Standard","SubType":"","Description":"Block_grid_memory","ID":"BL_3qjMM26JvHNQGXk","BlockElements":[{"Type":"Question","QuestionID":"QID8"},{"Type":"Question","QuestionID":"QID3"}]},"9":{"Type":"Standard","SubType":"","Description":"Block_Final_Questions","ID":"BL_egrxPKGLK7INbEy","BlockElements":[{"Type":"Page Break"},{"Type":"Question","QuestionID":"QID47"},{"Type":"Page Break"},{"Type":"Question","QuestionID":"QID43"},{"Type":"Page Break"},{"Type":"Question","QuestionID":"QID44"},{"Type":"Page Break"},{"Type":"Question","QuestionID":"QID45"},{"Type":"Page Break"},{"Type":"Question","QuestionID":"QID46"},{"Type":"Page Break"},{"Type":"Question","QuestionID":"QID37"},{"Type":"Page Break"},{"Type":"Question","QuestionID":"QID49"},{"Type":"Question","QuestionID":"QID38"}]}}},{"SurveyID":"SV_cu2x15S6PD9Pcua","Element":"FL","PrimaryAttribute":"Survey Flow","SecondaryAttribute":null,"TertiaryAttribute":null,"Payload":{"Type":"Root","FlowID":"FL_1","Flow":[{"Type":"EmbeddedData","FlowID":"FL_4","EmbeddedData":[{"Description":"PART_ID","Type":"Custom","Field":"PART_ID","VariableType":"String","DataVisibility":[],"AnalyzeText":false,"Value":"${e:\/\/Field\/ResponseID}"},{"Description":"SESSION_ID","Type":"Custom","Field":"SESSION_ID","VariableType":"String","DataVisibility":[],"AnalyzeText":false,"Value":"${rand:\/\/int\/1000:9999}"},{"Description":"BASE_URL","Type":"Custom","Field":"BASE_URL","VariableType":"String","DataVisibility":[],"AnalyzeText":false,"Value":"https:\/\/prod.m2c2kit.com\/m2c2kit\/nt\/index.html?height=1000&activity_name"},{"Description":"STUDY_ID","Type":"Custom","Field":"STUDY_ID","VariableType":"String","DataVisibility":[],"AnalyzeText":false,"Value":"GSADEMO2023"},{"Description":"M2C2KIT_API_KEY","Type":"Custom","Field":"M2C2KIT_API_KEY","VariableType":"String","DataVisibility":[],"AnalyzeText":false,"Value":"a0a9f1f7-8936-4cda-929d-219b8a5426d8"},{"Description":"ADMIN_TYPE","Type":"Custom","Field":"ADMIN_TYPE","VariableType":"String","DataVisibility":[],"AnalyzeText":false,"Value":"qualtrics"},{"Description":"N_TRIALS_SS","Type":"Custom","Field":"N_TRIALS_SS","VariableType":"String","DataVisibility":[],"AnalyzeText":false,"Value":"3"},{"Description":"N_TRIALS_GM","Type":"Custom","Field":"N_TRIALS_GM","VariableType":"String","DataVisibility":[],"AnalyzeText":false,"Value":"1"},{"Description":"N_TRIALS_CD","Type":"Custom","Field":"N_TRIALS_CD","VariableType":"String","DataVisibility":[],"AnalyzeText":false,"Value":"1"},{"Description":"N_TRIALS_CS","Type":"Custom","Field":"N_TRIALS_CS","VariableType":"String","DataVisibility":[],"AnalyzeText":false,"Value":"1"},{"Description":"Referer","Type":"Recipient","Field":"Referer","VariableType":"String","DataVisibility":[],"AnalyzeText":false},{"Description":"UserAgent","Type":"Recipient","Field":"UserAgent","VariableType":"String","DataVisibility":[],"AnalyzeText":false}]},{"Type":"EmbeddedData","FlowID":"FL_5","EmbeddedData":[{"Description":"cogtask_symbolsearch_URL","Type":"Custom","Field":"cogtask_symbolsearch_URL","VariableType":"String","DataVisibility":[],"AnalyzeText":false,"Value":"${e:\/\/Field\/BASE_URL}=symbol-search&number_of_trials=${e:\/\/Field\/N_TRIALS_SS}::int&participant_id=${e:\/\/Field\/PART_ID}&session_id=${e:\/\/Field\/SESSION_ID}&study_id=${e:\/\/Field\/STUDY_ID}&api_key=${e:\/\/Field\/M2C2KIT_API_KEY}&admin_type=${e:\/\/Field\/ADMIN_TYPE}"},{"Description":"cogtask_gridmemory_URL","Type":"Custom","Field":"cogtask_gridmemory_URL","VariableType":"String","DataVisibility":[],"AnalyzeText":false,"Value":"${e:\/\/Field\/BASE_URL}=grid-memory&number_of_trials=${e:\/\/Field\/N_TRIALS_GM}::int&participant_id=${e:\/\/Field\/PART_ID}&session_id=${e:\/\/Field\/SESSION_ID}&study_id=${e:\/\/Field\/STUDY_ID}&api_key=${e:\/\/Field\/M2C2KIT_API_KEY}&admin_type=${e:\/\/Field\/ADMIN_TYPE}"},{"Description":"cogtask_colordots_URL","Type":"Custom","Field":"cogtask_colordots_URL","VariableType":"String","DataVisibility":[],"AnalyzeText":false,"Value":"${e:\/\/Field\/BASE_URL}=color-dots&number_of_trials=${e:\/\/Field\/N_TRIALS_CD}::int&participant_id=${e:\/\/Field\/PART_ID}&session_id=${e:\/\/Field\/SESSION_ID}&study_id=${e:\/\/Field\/STUDY_ID}&api_key=${e:\/\/Field\/M2C2KIT_API_KEY}&admin_type=${e:\/\/Field\/ADMIN_TYPE}"},{"Description":"cogtask_colorshapes_URL","Type":"Custom","Field":"cogtask_colorshapes_URL","VariableType":"String","DataVisibility":[],"AnalyzeText":false,"Value":"${e:\/\/Field\/BASE_URL}=color-shapes&number_of_trials=${e:\/\/Field\/N_TRIALS_CS}::int&participant_id=${e:\/\/Field\/PART_ID}&session_id=${e:\/\/Field\/SESSION_ID}&study_id=${e:\/\/Field\/STUDY_ID}&api_key=${e:\/\/Field\/M2C2KIT_API_KEY}&admin_type=${e:\/\/Field\/ADMIN_TYPE}"}]},{"Type":"Standard","ID":"BL_87mKxTmE9L9w1P8","FlowID":"FL_10","Autofill":[]},{"Type":"Standard","ID":"BL_abHomLtQssytb5I","FlowID":"FL_3","Autofill":[]},{"Type":"Standard","ID":"BL_8DnJqlQu377I01E","FlowID":"FL_8","Autofill":[]},{"Type":"Standard","ID":"BL_3qjMM26JvHNQGXk","FlowID":"FL_12","Autofill":[]},{"Type":"Block","ID":"BL_cIOwlMgeEI3lap8","FlowID":"FL_2","Autofill":[]},{"Type":"Standard","ID":"BL_3dEJSd5SN8BQpRI","FlowID":"FL_11","Autofill":[]},{"Type":"Standard","ID":"BL_egrxPKGLK7INbEy","FlowID":"FL_13","Autofill":[]}],"Properties":{"Count":13,"RemovedFieldsets":[]}}},{"SurveyID":"SV_cu2x15S6PD9Pcua","Element":"PL","PrimaryAttribute":"Preview Link","SecondaryAttribute":null,"TertiaryAttribute":null,"Payload":{"PreviewType":"Brand","PreviewID":"6fe9176f-2f4e-4fb2-bbf6-804d162b2fba"}},{"SurveyID":"SV_cu2x15S6PD9Pcua","Element":"SO","PrimaryAttribute":"Survey Options","SecondaryAttribute":null,"TertiaryAttribute":null,"Payload":{"BackButton":"true","SaveAndContinue":"true","SurveyProtection":"PublicSurvey","BallotBoxStuffingPrevention":"false","NoIndex":"Yes","SecureResponseFiles":"true","SurveyExpiration":"None","SurveyTermination":"DefaultMessage","Header":"","Footer":"","ProgressBarDisplay":"None","PartialData":"+1 week","ValidationMessage":null,"PreviousButton":" \u2190 ","NextButton":" \u2192 ","SurveyTitle":"Qualtrics Survey | Qualtrics Experience Management","SkinLibrary":"pennstate","SkinType":"MQ","Skin":"pennstategeneral_newimproved","NewScoring":1,"SurveyMetaDescription":"The most powerful, simple and trusted way to gather experience data. Start your journey to experience management and try a free account today.","CustomStyles":{"customCSS":"p, h1, h2, h3, h4, h5, h6, body {\n\nfont-size: 150%;\n}"},"ProtectSelectionIds":true,"EOSMessage":null,"ShowExportTags":"false","CollectGeoLocation":"false","PasswordProtection":"No","AnonymizeResponse":"No","RefererCheck":"No","RecaptchaV3":"false","ConfirmStart":false,"AutoConfirmStart":false,"RelevantID":"false","RelevantIDLockoutPeriod":"+30 days","UseCustomSurveyLinkCompletedMessage":null,"SurveyLinkCompletedMessage":null,"SurveyLinkCompletedMessageLibrary":null,"ResponseSummary":"No","EOSMessageLibrary":null,"EOSRedirectURL":null,"EmailThankYou":"false","ThankYouEmailMessageLibrary":null,"ThankYouEmailMessage":null,"ValidateMessage":"false","ValidationMessageLibrary":null,"InactiveSurvey":"DefaultMessage","PartialDeletion":null,"PartialDataCloseAfter":"LastActivity","InactiveMessageLibrary":null,"InactiveMessage":null,"AvailableLanguages":{"EN":[]},"SurveyName":"Qualtrics - M2C2kit Demo - Updated November 2023"}},{"SurveyID":"SV_cu2x15S6PD9Pcua","Element":"SCO","PrimaryAttribute":"Scoring","SecondaryAttribute":null,"TertiaryAttribute":null,"Payload":{"ScoringCategories":[],"ScoringCategoryGroups":[],"ScoringSummaryCategory":null,"ScoringSummaryAfterQuestions":0,"ScoringSummaryAfterSurvey":0,"DefaultScoringCategory":null,"AutoScoringCategory":null}},{"SurveyID":"SV_cu2x15S6PD9Pcua","Element":"PROJ","PrimaryAttribute":"CORE","SecondaryAttribute":null,"TertiaryAttribute":"1.1.0","Payload":{"ProjectCategory":"CORE","SchemaVersion":"1.1.0"}},{"SurveyID":"SV_cu2x15S6PD9Pcua","Element":"STAT","PrimaryAttribute":"Survey Statistics","SecondaryAttribute":null,"TertiaryAttribute":null,"Payload":{"MobileCompatible":true,"ID":"Survey Statistics"}},{"SurveyID":"SV_cu2x15S6PD9Pcua","Element":"QC","PrimaryAttribute":"Survey Question Count","SecondaryAttribute":"50","TertiaryAttribute":null,"Payload":null},{"SurveyID":"SV_cu2x15S6PD9Pcua","Element":"SQ","PrimaryAttribute":"QID45","SecondaryAttribute":"Any reason why you preferred one over the other? Select all that apply.","TertiaryAttribute":null,"Payload":{"QuestionText":"Any reason why you preferred one over the other?<br \/>\n<br \/>\n<span style=\"font-size:11px;\">Select all that apply.<\/span>","DataExportTag":"demo_pref_why","QuestionType":"MC","Selector":"MAVR","SubSelector":"TX","Configuration":{"QuestionDescriptionOption":"UseText"},"QuestionDescription":"Any reason why you preferred one over the other? Select all that apply.","Choices":{"1":{"Display":"Easier to navigate"},"2":{"Display":"Better look and feel"},"3":{"Display":"Other"},"4":{"Display":"Unsure"}},"ChoiceOrder":["1","2","4","3"],"Validation":{"Settings":{"ForceResponse":"RequestResponse","ForceResponseType":"RequestResponse","Type":"None","MinChoices":"1"}},"Language":[],"NextChoiceId":5,"NextAnswerId":1,"QuestionID":"QID45","DisplayLogic":{"0":{"0":{"LogicType":"Question","QuestionID":"QID44","QuestionIsInLoop":"no","ChoiceLocator":"q:\/\/QID44\/SelectableChoice\/1","Operator":"Selected","QuestionIDFromLocator":"QID44","LeftOperand":"q:\/\/QID44\/SelectableChoice\/1","Type":"Expression","Description":"<span class=\"ConjDesc\">If<\/span> <span class=\"QuestionDesc\">Do you have preference of one over the other?<\/span> <span class=\"LeftOpDesc\">Yes, MetricWire<\/span> <span class=\"OpDesc\">Is Selected<\/span> "},"1":{"LogicType":"Question","QuestionID":"QID44","QuestionIsInLoop":"no","ChoiceLocator":"q:\/\/QID44\/SelectableChoice\/2","Operator":"Selected","QuestionIDFromLocator":"QID44","LeftOperand":"q:\/\/QID44\/SelectableChoice\/2","Type":"Expression","Description":"<span class=\"ConjDesc\">Or<\/span> <span class=\"QuestionDesc\">Do you have preference of one over the other?<\/span> <span class=\"LeftOpDesc\">Yes, Qualtrics<\/span> <span class=\"OpDesc\">Is Selected<\/span> ","Conjuction":"Or"},"Type":"If"},"Type":"BooleanExpression","inPage":false}}},{"SurveyID":"SV_cu2x15S6PD9Pcua","Element":"SQ","PrimaryAttribute":"QID10","SecondaryAttribute":"Click to write the question text","TertiaryAttribute":null,"Payload":{"QuestionText":"Click to write the question text","DefaultChoices":false,"DataExportTag":"capture_metainfo","QuestionType":"Meta","Selector":"Browser","Configuration":{"QuestionDescriptionOption":"UseText"},"QuestionDescription":"Click to write the question text","Choices":{"1":{"Display":"Browser","TextEntry":1},"2":{"Display":"Version","TextEntry":1},"3":{"Display":"Operating System","TextEntry":1},"4":{"Display":"Screen Resolution","TextEntry":1},"5":{"Display":"Flash Version","TextEntry":1},"6":{"Display":"Java Support","TextEntry":1},"7":{"Display":"User Agent","TextEntry":1}},"GradingData":[],"Language":[],"NextChoiceId":4,"NextAnswerId":1,"QuestionID":"QID10"}},{"SurveyID":"SV_cu2x15S6PD9Pcua","Element":"SQ","PrimaryAttribute":"QID12","SecondaryAttribute":"Click to write the question text","TertiaryAttribute":null,"Payload":{"QuestionText":"Click to write the question text","DataExportTag":"Q12","QuestionType":"MC","Selector":"SAVR","SubSelector":"TX","Configuration":{"QuestionDescriptionOption":"UseText"},"QuestionDescription":"Click to write the question text","Choices":{"1":{"Display":"Click to write Choice 1"},"2":{"Display":"Click to write Choice 2"},"3":{"Display":"Click to write Choice 3"}},"ChoiceOrder":["1","2","3"],"Validation":{"Settings":{"ForceResponse":"OFF","Type":"None"}},"Language":[],"NextChoiceId":4,"NextAnswerId":1,"QuestionID":"QID12"}},{"SurveyID":"SV_cu2x15S6PD9Pcua","Element":"SQ","PrimaryAttribute":"QID24","SecondaryAttribute":"Click to write the question text","TertiaryAttribute":null,"Payload":{"QuestionText":"Click to write the question text","DataExportTag":"Q24","QuestionType":"MC","Selector":"SAVR","SubSelector":"TX","Configuration":{"QuestionDescriptionOption":"UseText"},"QuestionDescription":"Click to write the question text","Choices":{"1":{"Display":"Click to write Choice 1"},"2":{"Display":"Click to write Choice 2"},"3":{"Display":"Click to write Choice 3"}},"ChoiceOrder":["1","2","3"],"Validation":{"Settings":{"ForceResponse":"OFF","Type":"None"}},"Language":[],"NextChoiceId":4,"NextAnswerId":1,"QuestionID":"QID24"}},{"SurveyID":"SV_cu2x15S6PD9Pcua","Element":"SQ","PrimaryAttribute":"QID42","SecondaryAttribute":"Click to write the question text","TertiaryAttribute":null,"Payload":{"QuestionText":"Click to write the question text","DataExportTag":"Q42","QuestionType":"MC","Selector":"SAVR","SubSelector":"TX","Configuration":{"QuestionDescriptionOption":"UseText"},"QuestionDescription":"Click to write the question text","Choices":{"1":{"Display":"Click to write Choice 1"},"2":{"Display":"Click to write Choice 2"},"3":{"Display":"Click to write Choice 3"}},"ChoiceOrder":["1","2","3"],"Validation":{"Settings":{"ForceResponse":"OFF","Type":"None"}},"Language":[],"NextChoiceId":4,"NextAnswerId":1,"QuestionID":"QID42"}},{"SurveyID":"SV_cu2x15S6PD9Pcua","Element":"RS","PrimaryAttribute":"RS_en6FRNkJct0yHZk","SecondaryAttribute":"Default Response Set","TertiaryAttribute":null,"Payload":null},{"SurveyID":"SV_cu2x15S6PD9Pcua","Element":"SQ","PrimaryAttribute":"QID18","SecondaryAttribute":"Did anything distract you while you were playing the brain games?","TertiaryAttribute":null,"Payload":{"QuestionText":"Did anything distract you while you were playing the brain games?","DefaultChoices":false,"DataExportTag":"Q18","QuestionType":"MC","Selector":"SAVR","SubSelector":"TX","Configuration":{"QuestionDescriptionOption":"UseText"},"QuestionDescription":"Did anything distract you while you were playing the brain games?","Choices":{"1":{"Display":"Yes"},"2":{"Display":"No"}},"ChoiceOrder":["1","2"],"Validation":{"Settings":{"ForceResponse":"OFF","Type":"None"}},"GradingData":[],"Language":[],"NextChoiceId":4,"NextAnswerId":1,"QuestionID":"QID18"}},{"SurveyID":"SV_cu2x15S6PD9Pcua","Element":"SQ","PrimaryAttribute":"QID43","SecondaryAttribute":"Did you also complete the MetricWire demo? ","TertiaryAttribute":null,"Payload":{"QuestionText":"Did you also complete the MetricWire demo?&nbsp;","DataExportTag":"Other_demo","QuestionType":"MC","Selector":"SAVR","SubSelector":"TX","Configuration":{"QuestionDescriptionOption":"UseText"},"QuestionDescription":"Did you also complete the MetricWire demo? ","Choices":{"1":{"Display":"No"},"2":{"Display":"Yes"},"3":{"Display":"Plan to"}},"ChoiceOrder":["1","2","3"],"Validation":{"Settings":{"ForceResponse":"OFF","Type":"None"}},"Language":[],"NextChoiceId":4,"NextAnswerId":1,"QuestionID":"QID43"}},{"SurveyID":"SV_cu2x15S6PD9Pcua","Element":"SQ","PrimaryAttribute":"QID44","SecondaryAttribute":"Do you have preference of one over the other?","TertiaryAttribute":null,"Payload":{"QuestionText":"Do you have preference of one over the other?","DataExportTag":"demo_pref","QuestionType":"MC","Selector":"SAVR","SubSelector":"TX","Configuration":{"QuestionDescriptionOption":"UseText"},"QuestionDescription":"Do you have preference of one over the other?","Choices":{"1":{"Display":"Yes, MetricWire"},"2":{"Display":"Yes, Qualtrics"},"3":{"Display":"No preference"}},"ChoiceOrder":["1","2","3"],"Validation":{"Settings":{"ForceResponse":"OFF","Type":"None"}},"Language":[],"NextChoiceId":4,"NextAnswerId":1,"QuestionID":"QID44","DisplayLogic":{"0":{"0":{"LogicType":"Question","QuestionID":"QID43","QuestionIsInLoop":"no","ChoiceLocator":"q:\/\/QID43\/SelectableChoice\/2","Operator":"Selected","QuestionIDFromLocator":"QID43","LeftOperand":"q:\/\/QID43\/SelectableChoice\/2","Type":"Expression","Description":"<span class=\"ConjDesc\">If<\/span> <span class=\"QuestionDesc\">Did you also complete the MetricWire demo?&amp;nbsp;<\/span> <span class=\"LeftOpDesc\">Yes<\/span> <span class=\"OpDesc\">Is Selected<\/span> "},"Type":"If"},"Type":"BooleanExpression","inPage":false}}},{"SurveyID":"SV_cu2x15S6PD9Pcua","Element":"SQ","PrimaryAttribute":"QID19","SecondaryAttribute":"How distracted were you when playing the brain games?","TertiaryAttribute":null,"Payload":{"QuestionText":"How distracted were you when playing the brain games?","DefaultChoices":false,"DataExportTag":"Q19","QuestionID":"QID19","QuestionType":"Slider","Selector":"HSLIDER","Configuration":{"QuestionDescriptionOption":"UseText","CSSliderMin":0,"CSSliderMax":100,"GridLines":0,"SnapToGrid":false,"NumDecimals":"0","ShowValue":false,"CustomStart":true,"NotApplicable":false,"MobileFirst":true,"SliderStartPositions":{"1":0.5}},"QuestionDescription":"How distracted were you when playing the brain games?","Choices":{"1":{"Display":""}},"ChoiceOrder":["1"],"Validation":{"Settings":{"ForceResponse":"OFF","Type":"None"}},"GradingData":[],"Language":[],"NextChoiceId":4,"NextAnswerId":3,"Labels":{"1":{"Display":"Not at all"},"2":{"Display":"Extremely"}},"DataVisibility":{"Private":false,"Hidden":false}}},{"SurveyID":"SV_cu2x15S6PD9Pcua","Element":"SQ","PrimaryAttribute":"QID20","SecondaryAttribute":"How well do you think you did on the brain games?","TertiaryAttribute":null,"Payload":{"QuestionText":"How well do you think you did on the brain games?","DefaultChoices":false,"DataExportTag":"Q20","QuestionID":"QID20","QuestionType":"Slider","Selector":"HSLIDER","Configuration":{"QuestionDescriptionOption":"UseText","CSSliderMin":0,"CSSliderMax":100,"GridLines":0,"SnapToGrid":false,"NumDecimals":"0","ShowValue":false,"CustomStart":true,"NotApplicable":false,"MobileFirst":true,"SliderStartPositions":{"1":0.49671052631578949121404775723931379616260528564453125}},"QuestionDescription":"How well do you think you did on the brain games?","Choices":{"1":{"Display":""}},"ChoiceOrder":["1"],"Validation":{"Settings":{"ForceResponse":"OFF","Type":"None"}},"GradingData":[],"Language":[],"NextChoiceId":4,"NextAnswerId":3,"Labels":{"1":{"Display":"Not very well"},"2":{"Display":"Very well"}},"DataVisibility":{"Private":false,"Hidden":false}}},{"SurveyID":"SV_cu2x15S6PD9Pcua","Element":"SQ","PrimaryAttribute":"QID1","SecondaryAttribute":"How would you use this technology?","TertiaryAttribute":null,"Payload":{"QuestionText":"How would you use this technology?","DataExportTag":"tech_use","QuestionType":"MC","Selector":"SAVR","SubSelector":"TX","Configuration":{"QuestionDescriptionOption":"UseText"},"QuestionDescription":"How would you use this technology?","Choices":{"1":{"Display":"Your home"},"2":{"Display":"Other person's home"},"3":{"Display":"Community\/religious center"},"4":{"Display":"Work\/volunteering"},"5":{"Display":"Restaurant\/bar"},"6":{"Display":"Gym"},"7":{"Display":"Medical office"},"8":{"Display":"Outside"},"9":{"Display":"Other"}},"ChoiceOrder":["1","2","3","4","5","6","7","8","9"],"Validation":{"Settings":{"ForceResponse":"OFF","Type":"None"}},"Language":[],"NextChoiceId":10,"NextAnswerId":1,"QuestionID":"QID1","DataVisibility":{"Private":false,"Hidden":false}}},{"SurveyID":"SV_cu2x15S6PD9Pcua","Element":"SQ","PrimaryAttribute":"QID11","SecondaryAttribute":"How would you use this technology?","TertiaryAttribute":null,"Payload":{"QuestionText":"How would you use this technology?","DataExportTag":"tech_use","QuestionType":"MC","Selector":"MAVR","SubSelector":"TX","Configuration":{"QuestionDescriptionOption":"UseText"},"QuestionDescription":"How would you use this technology?","Choices":{"1":{"Display":"Ecological Momentary Assessments (EMA)"},"2":{"Display":"Daily Diary Studies"},"3":{"Display":"Mobile Phones"},"4":{"Display":"Desktop\/PC"},"5":{"Display":"Tablets"},"6":{"Display":"Single-shot Screening"}},"ChoiceOrder":["1","2","3","4","5","6"],"Validation":{"Settings":{"ForceResponse":"OFF","Type":"None"}},"Language":[],"NextChoiceId":11,"NextAnswerId":1,"QuestionID":"QID11","DefaultChoices":false,"GradingData":[],"DataVisibility":{"Private":false,"Hidden":false}}},{"SurveyID":"SV_cu2x15S6PD9Pcua","Element":"SQ","PrimaryAttribute":"QID35","SecondaryAttribute":"How would you use this technology?","TertiaryAttribute":null,"Payload":{"QuestionText":"How would you use this technology?","DefaultChoices":false,"DataExportTag":"Q36","QuestionType":"MC","Selector":"MAVR","SubSelector":"TX","DataVisibility":{"Private":false,"Hidden":false},"Configuration":{"QuestionDescriptionOption":"UseText"},"QuestionDescription":"How would you use this technology?","Choices":{"1":{"Display":"Ecological Momentary Assessments (EMA)"},"2":{"Display":"Daily Diary Studies"},"3":{"Display":"Mobile Phones"},"4":{"Display":"Desktop\/PC"},"5":{"Display":"Tablets"},"6":{"Display":"Single-shot Screening"}},"ChoiceOrder":["1","2","3","4","5","6"],"Validation":{"Settings":{"ForceResponse":"OFF","Type":"None"}},"GradingData":[],"Language":[],"NextChoiceId":11,"NextAnswerId":1,"QuestionID":"QID35"}},{"SurveyID":"SV_cu2x15S6PD9Pcua","Element":"SQ","PrimaryAttribute":"QID36","SecondaryAttribute":"How would you use this technology? Select all that apply.","TertiaryAttribute":null,"Payload":{"QuestionText":"How would you use this technology?<br \/>\n<br \/>\n<span style=\"font-size:11px;\">Select all that apply.<\/span>","DataExportTag":"tech_use","QuestionType":"MC","Selector":"MAVR","SubSelector":"TX","Configuration":{"QuestionDescriptionOption":"UseText"},"QuestionDescription":"How would you use this technology? Select all that apply.","Choices":{"1":{"Display":"Ecological Momentary Assessments (EMA)"},"2":{"Display":"Daily Diary Studies"},"3":{"Display":"Mobile Phones"},"4":{"Display":"Desktop\/PC"},"5":{"Display":"Tablets"},"6":{"Display":"Single-shot Screening"}},"ChoiceOrder":["1","2","3","4","5","6"],"Validation":{"Settings":{"ForceResponse":"RequestResponse","ForceResponseType":"RequestResponse","Type":"None"}},"Language":[],"NextChoiceId":7,"NextAnswerId":1,"QuestionID":"QID36","DataVisibility":{"Private":false,"Hidden":false}}},{"SurveyID":"SV_cu2x15S6PD9Pcua","Element":"SQ","PrimaryAttribute":"QID25","SecondaryAttribute":"I am currently a(n)...\u00a0 Select all that apply.","TertiaryAttribute":null,"Payload":{"QuestionText":"I am currently a(n)...&nbsp;<br \/>\n<br \/>\n<span style=\"font-size:11px;\">Select all that apply.<\/span>","DefaultChoices":false,"DataExportTag":"job_title","QuestionType":"MC","Selector":"MAVR","SubSelector":"TX","Configuration":{"QuestionDescriptionOption":"UseText"},"QuestionDescription":"I am currently a(n)...\u00a0 Select all that apply.","Choices":{"1":{"Display":"Grad student"},"2":{"Display":"Investigator"},"3":{"Display":"Postdoc"},"4":{"Display":"Program Officer"},"5":{"Display":"Other"}},"ChoiceOrder":["1","2","3","4","5"],"Validation":{"Settings":{"ForceResponse":"RequestResponse","ForceResponseType":"RequestResponse","Type":"None"}},"GradingData":[],"Language":[],"NextChoiceId":6,"NextAnswerId":1,"QuestionID":"QID25","DataVisibility":{"Private":false,"Hidden":false}}},{"SurveyID":"SV_cu2x15S6PD9Pcua","Element":"SQ","PrimaryAttribute":"QID38","SecondaryAttribute":"I consent to provide my email to join the mailing list for information about m2c2kit and upcoming...","TertiaryAttribute":null,"Payload":{"QuestionText":"I consent to provide my email to join the mailing list for information about m2c2kit and upcoming workshops and related information:","DefaultChoices":false,"DataExportTag":"email_interest","QuestionID":"QID38","QuestionType":"TE","Selector":"SL","Configuration":{"QuestionDescriptionOption":"UseText"},"QuestionDescription":"I consent to provide my email to join the mailing list for information about m2c2kit and upcoming...","Validation":{"Settings":{"ForceResponse":"OFF","Type":"None"}},"GradingData":[],"Language":[],"NextChoiceId":4,"NextAnswerId":1,"SearchSource":{"AllowFreeResponse":"false"},"DataVisibility":{"Private":false,"Hidden":false},"DisplayLogic":{"0":{"0":{"ChoiceLocator":"q:\/\/QID49\/SelectableChoice\/1","Description":"<span class=\"ConjDesc\">If<\/span> <span class=\"QuestionDesc\">Interested in joining our mailing list to get information about future workshops and m2c2kit rela...<\/span> <span class=\"LeftOpDesc\">Yes, I would like to sign up for workshops and m2c2kit related information.<\/span> <span class=\"OpDesc\">Is Selected<\/span> ","LeftOperand":"q:\/\/QID49\/SelectableChoice\/1","LogicType":"Question","Operator":"Selected","QuestionID":"QID49","QuestionIDFromLocator":"QID49","QuestionIsInLoop":"no","Type":"Expression"},"Type":"If"},"Type":"BooleanExpression","inPage":false}}},{"SurveyID":"SV_cu2x15S6PD9Pcua","Element":"SQ","PrimaryAttribute":"QID37","SecondaryAttribute":"I found it easy to complete this survey. Please use the sliding scale to submit your response.","TertiaryAttribute":null,"Payload":{"QuestionText":"I found it easy to complete this survey.<br \/>\n<br \/>\n<span style=\"font-size:11px;\">Please use the sliding scale to submit your response.<\/span>","DefaultChoices":false,"DataExportTag":"survey_feedback","QuestionID":"QID37","QuestionType":"Slider","Selector":"HSLIDER","Configuration":{"QuestionDescriptionOption":"UseText","CSSliderMin":0,"CSSliderMax":100,"GridLines":0,"SnapToGrid":false,"NumDecimals":"0","ShowValue":false,"CustomStart":true,"NotApplicable":false,"MobileFirst":true,"SliderStartPositions":{"4":0.50843881856540085184548161123530007898807525634765625}},"QuestionDescription":"I found it easy to complete this survey. Please use the sliding scale to submit your response.","Choices":{"4":{"Display":""}},"ChoiceOrder":["4"],"Validation":{"Settings":{"ForceResponse":"RequestResponse","ForceResponseType":"RequestResponse","Type":"None"}},"GradingData":[],"Language":[],"NextChoiceId":6,"NextAnswerId":3,"Labels":{"1":{"Display":"Not easy"},"2":{"Display":"Very easy"}},"DataVisibility":{"Private":false,"Hidden":false}}},{"SurveyID":"SV_cu2x15S6PD9Pcua","Element":"SQ","PrimaryAttribute":"QID29","SecondaryAttribute":"I give questionnaires using... Select all that apply.","TertiaryAttribute":null,"Payload":{"QuestionText":"I give questionnaires using...<br \/>\n<br \/>\n<span style=\"font-size:11px;\">Select all that apply.<\/span>","DataExportTag":"platform_use","QuestionType":"MC","Selector":"MAVR","SubSelector":"TX","Configuration":{"QuestionDescriptionOption":"UseText"},"QuestionDescription":"I give questionnaires using... Select all that apply.","Choices":{"1":{"Display":"REDCap"},"2":{"Display":"Qualtrics"},"3":{"Display":"Survey Monkey"},"4":{"Display":"surveyJS"},"5":{"Display":"Paper\/Pencil"},"6":{"Display":"Other"}},"ChoiceOrder":["1","2","3","4","5","6"],"Validation":{"Settings":{"ForceResponse":"RequestResponse","ForceResponseType":"RequestResponse","Type":"None"}},"Language":[],"NextChoiceId":7,"NextAnswerId":1,"QuestionID":"QID29","DataVisibility":{"Private":false,"Hidden":false}}},{"SurveyID":"SV_cu2x15S6PD9Pcua","Element":"SQ","PrimaryAttribute":"QID23","SecondaryAttribute":"If I was using this technology... Select all that apply.","TertiaryAttribute":null,"Payload":{"QuestionText":"If I was using this technology...<br \/>\n<br \/>\n<span style=\"font-size:11px;\">Select all that apply.<\/span>","DataExportTag":"cog_ability","QuestionType":"MC","Selector":"MAVR","SubSelector":"TX","Configuration":{"QuestionDescriptionOption":"UseText"},"QuestionDescription":"If I was using this technology... Select all that apply.","Choices":{"1":{"Display":"I want already validated \"fixed\" cognitive assessments"},"2":{"Display":"I want to be able to modify existing cognitive assesments"},"3":{"Display":"I want to program new cognitive assessments for experiments"}},"ChoiceOrder":["1","2","3"],"Validation":{"Settings":{"ForceResponse":"RequestResponse","ForceResponseType":"RequestResponse","Type":"None"}},"Language":[],"NextChoiceId":4,"NextAnswerId":1,"QuestionID":"QID23","DataVisibility":{"Private":false,"Hidden":false}}},{"SurveyID":"SV_cu2x15S6PD9Pcua","Element":"SQ","PrimaryAttribute":"QID33","SecondaryAttribute":"If using this technology, I would need help with... Select all that apply.","TertiaryAttribute":null,"Payload":{"QuestionText":"If using this technology, I would need help with...<br \/>\n<br \/>\n<span style=\"font-size:11px;\">Select all that apply.<\/span>","DataExportTag":"support","QuestionType":"MC","Selector":"MAVR","SubSelector":"TX","Configuration":{"QuestionDescriptionOption":"UseText"},"QuestionDescription":"If using this technology, I would need help with... Select all that apply.","Choices":{"1":{"Display":"Programming"},"2":{"Display":"Recruiting"},"3":{"Display":"Compliance monitoring"},"4":{"Display":"Project management"},"5":{"Display":"Tech support"},"6":{"Display":"Unsure"},"7":{"Display":"No help needed","ExclusiveAnswer":true},"8":{"Display":"Other"}},"ChoiceOrder":["1","2","3","4","5","6","7","8"],"Validation":{"Settings":{"ForceResponse":"RequestResponse","ForceResponseType":"RequestResponse","Type":"None"}},"Language":[],"NextChoiceId":9,"NextAnswerId":1,"QuestionID":"QID33","DataVisibility":{"Private":false,"Hidden":false}}},{"SurveyID":"SV_cu2x15S6PD9Pcua","Element":"SQ","PrimaryAttribute":"QID49","SecondaryAttribute":"Interested in joining our mailing list to get information about future workshops and m2c2kit rela...","TertiaryAttribute":null,"Payload":{"QuestionText":"Interested in joining our mailing list to get information about future workshops and m2c2kit related information?","DataExportTag":"mailing_list_int","QuestionType":"MC","Selector":"SAVR","SubSelector":"TX","Configuration":{"QuestionDescriptionOption":"UseText"},"QuestionDescription":"Interested in joining our mailing list to get information about future workshops and m2c2kit rela...","Choices":{"1":{"Display":"Yes, I would like to sign up for workshops and m2c2kit related information."},"2":{"Display":"No, I am not interested in joining the mailing list."}},"ChoiceOrder":["1","2"],"Validation":{"Settings":{"ForceResponse":"OFF","Type":"None"}},"Language":[],"NextChoiceId":4,"NextAnswerId":1,"QuestionID":"QID49","DataVisibility":{"Private":false,"Hidden":false}}},{"SurveyID":"SV_cu2x15S6PD9Pcua","Element":"SQ","PrimaryAttribute":"QID2","SecondaryAttribute":"Loading...","TertiaryAttribute":null,"Payload":{"QuestionText":"Loading...","DefaultChoices":false,"DataExportTag":"cogtask_symbolsearch","QuestionType":"DB","Selector":"TB","Configuration":{"QuestionDescriptionOption":"UseText"},"QuestionDescription":"Loading...","ChoiceOrder":[],"Validation":{"Settings":{"Type":"None"}},"GradingData":[],"Language":[],"NextChoiceId":4,"NextAnswerId":1,"QuestionID":"QID2","QuestionJS":"Qualtrics.SurveyEngine.addOnReady(function()\n{\n\t\/\/ Disable next button on page\n\t\tthis.hideNextButton();\n\n\t\t\/\/ Hide scrollbars\t\n\t\tjQuery(\"body\").css(\"overflow\", \"hidden\");\n\n\t\t\/\/ Hide unnecessary items\n\t\tjQuery(\"#ProgressBar\").hide();\n\t\tjQuery(\"#LogoContainer\").hide();\n\t\tjQuery(\"#HeaderContainer\").hide();\n\t\tjQuery(\"#Plug\").hide();\n\t\tjQuery(\"#Footer\").hide();\n\t\tjQuery(\"#PushStickyFooter\").hide();\n\t\tjQuery(\"#Buttons\").hide();\n\n\t\/\/ Get configuration data from embedded variables\n\/\/ Get width\/height for M2C2 content\n\t\tvar width = jQuery(\"#SkinContent\").width();\n\t\tvar height= jQuery(window).height();\nconsole.log(\"width: \" + width);\nconsole.log(\"height: \" + height);\n\tvar task_url = Qualtrics.SurveyEngine.getEmbeddedData('cogtask_symbolsearch_URL');\n\t\n\t\/\/ Disable next button on page\n\tthis.hideNextButton();\n\tjQuery(\"#Buttons\").hide()\n\n\t\/\/ Show iframed task to user\n\tjQuery(\"#Questions\")\n\t\t.html('<center><iframe allowfullscreen=\"\" src=\"' + task_url + '\" style=\"width:' + \n\t\t\twidth + 'px;height:' + height + 'px;\" frameBorder=\"0\" scrolling=\"no\"><\/iframe><\/center>');\n\tconsole.log(\"iFrame drawn\");\n\t\n\n\t\/\/ Set up auto advance on task complete\n\twindow.addEventListener('message', (event) => {\n\t\tif (event.data['name'] === 'm2c2kit-done') {\n\t\t\t\/\/ Store data into embedded variable\n\t\t\tconsole.log(event.data);\n\t\t\t\n\t\t\t\/\/ Do something when the \"done\" message is received\n\t\t\tconsole.log(\"Event received in parent window (about to show next button)!: \");\n\t\t\t\n\t\t\t\/\/enables the next button - Note that the QuestionData object is bound to this to make it easier to use\n\t\t\tconsole.log(\"programmatically clicking next button\");\n\t\t\tthis.clickNextButton();\n\t\t} else if (event.data['name'] === 'm2c2kit-trialdone') {\n\t\t\t\/\/ Store data into embedded variable\n\t\t} else {\n\t\t\tconsole.log(\"Event received in parent window!: \");\n\t\t\tconsole.log(event);\n\t\t}\n\t});\n\n\n});","DataVisibility":{"Private":false,"Hidden":false}}},{"SurveyID":"SV_cu2x15S6PD9Pcua","Element":"SQ","PrimaryAttribute":"QID3","SecondaryAttribute":"Loading...","TertiaryAttribute":null,"Payload":{"QuestionText":"Loading...","QuestionJS":"Qualtrics.SurveyEngine.addOnReady(function()\n{\n\n\/\/ Disable next button on page\n\t\tthis.hideNextButton();\n\n\t\t\/\/ Hide scrollbars\t\n\t\tjQuery(\"body\").css(\"overflow\", \"hidden\");\n\n\t\t\/\/ Hide unnecessary items\n\t\tjQuery(\"#ProgressBar\").hide();\n\t\tjQuery(\"#LogoContainer\").hide();\n\t\tjQuery(\"#HeaderContainer\").hide();\n\t\tjQuery(\"#Plug\").hide();\n\t\tjQuery(\"#Footer\").hide();\n\t\tjQuery(\"#PushStickyFooter\").hide();\n\t\tjQuery(\"#Buttons\").hide();\n\n\t\/\/ Get configuration data from embedded variables\n\/\/ Get width\/height for M2C2 content\n\t\tvar width = jQuery(\"#SkinContent\").width();\n\t\tvar height= jQuery(window).height();\nconsole.log(\"width: \" + width);\nconsole.log(\"height: \" + height);\n\tvar task_url = Qualtrics.SurveyEngine.getEmbeddedData('cogtask_gridmemory_URL');\n\t\n\t\/\/ Disable next button on page\n\tthis.hideNextButton();\n\tjQuery(\"#Buttons\").hide()\n\n\t\/\/ Show iframed task to user\n\tjQuery(\"#Questions\")\n\t\t.html('<center><iframe allowfullscreen=\"\" src=\"' + task_url + '\" style=\"width:' + \n\t\t\twidth + 'px;height:' + height + 'px;\" frameBorder=\"0\" scrolling=\"no\"><\/iframe><\/center>');\n\tconsole.log(\"iFrame drawn\");\n\t\n\n\t\/\/ Set up auto advance on task complete\n\twindow.addEventListener('message', (event) => {\n\t\tif (event.data['name'] === 'm2c2kit-done') {\n\t\t\t\/\/ Store data into embedded variable\n\t\t\tconsole.log(event.data);\n\t\t\t\n\t\t\t\/\/ Do something when the \"done\" message is received\n\t\t\tconsole.log(\"Event received in parent window (about to show next button)!: \");\n\t\t\t\n\t\t\t\/\/enables the next button - Note that the QuestionData object is bound to this to make it easier to use\n\t\t\tconsole.log(\"programmatically clicking next button\");\n\t\t\tthis.clickNextButton();\n\t\t} else if (event.data['name'] === 'm2c2kit-trialdone') {\n\t\t\t\/\/ Store data into embedded variable\n\t\t} else {\n\t\t\tconsole.log(\"Event received in parent window!: \");\n\t\t\tconsole.log(event);\n\t\t}\n\t});\n});","DefaultChoices":false,"DataExportTag":"cogtask_gridmemory","QuestionType":"DB","Selector":"TB","DataVisibility":{"Private":false,"Hidden":false},"Configuration":{"QuestionDescriptionOption":"UseText"},"QuestionDescription":"Loading...","ChoiceOrder":[],"Validation":{"Settings":{"Type":"None"}},"GradingData":[],"Language":[],"NextChoiceId":4,"NextAnswerId":1,"QuestionID":"QID3"}},{"SurveyID":"SV_cu2x15S6PD9Pcua","Element":"SQ","PrimaryAttribute":"QID4","SecondaryAttribute":"Loading...","TertiaryAttribute":null,"Payload":{"QuestionText":"Loading...","QuestionJS":"Qualtrics.SurveyEngine.addOnReady(function()\n{\n\n\/\/ Disable next button on page\n\t\tthis.hideNextButton();\n\n\t\t\/\/ Hide scrollbars\t\n\t\tjQuery(\"body\").css(\"overflow\", \"hidden\");\n\n\t\t\/\/ Hide unnecessary items\n\t\tjQuery(\"#ProgressBar\").hide();\n\t\tjQuery(\"#LogoContainer\").hide();\n\t\tjQuery(\"#HeaderContainer\").hide();\n\t\tjQuery(\"#Plug\").hide();\n\t\tjQuery(\"#Footer\").hide();\n\t\tjQuery(\"#PushStickyFooter\").hide();\n\t\tjQuery(\"#Buttons\").hide();\n\n\t\/\/ Get configuration data from embedded variables\n\/\/ Get width\/height for M2C2 content\n\t\tvar width = jQuery(\"#SkinContent\").width();\n\t\tvar height= jQuery(window).height();\nconsole.log(\"width: \" + width);\nconsole.log(\"height: \" + height);\n\tvar task_url = Qualtrics.SurveyEngine.getEmbeddedData('cogtask_colordots_URL');\n\t\n\t\/\/ Disable next button on page\n\tthis.hideNextButton();\n\tjQuery(\"#Buttons\").hide()\n\n\t\/\/ Show iframed task to user\n\tjQuery(\"#Questions\")\n\t\t.html('<center><iframe allowfullscreen=\"\" src=\"' + task_url + '\" style=\"width:' + \n\t\t\twidth + 'px;height:' + height + 'px;\" frameBorder=\"0\" scrolling=\"no\"><\/iframe><\/center>');\n\tconsole.log(\"iFrame drawn\");\n\t\n\n\t\/\/ Set up auto advance on task complete\n\twindow.addEventListener('message', (event) => {\n\t\tif (event.data['name'] === 'm2c2kit-done') {\n\t\t\t\/\/ Store data into embedded variable\n\t\t\tconsole.log(event.data);\n\t\t\t\n\t\t\t\/\/ Do something when the \"done\" message is received\n\t\t\tconsole.log(\"Event received in parent window (about to show next button)!: \");\n\t\t\t\n\t\t\t\/\/enables the next button - Note that the QuestionData object is bound to this to make it easier to use\n\t\t\tconsole.log(\"programmatically clicking next button\");\n\t\t\tthis.clickNextButton();\n\t\t} else if (event.data['name'] === 'm2c2kit-trialdone') {\n\t\t\t\/\/ Store data into embedded variable\n\t\t} else {\n\t\t\tconsole.log(\"Event received in parent window!: \");\n\t\t\tconsole.log(event);\n\t\t}\n\t});\n});","DefaultChoices":false,"DataExportTag":"cogtask_colordots","QuestionType":"DB","Selector":"TB","DataVisibility":{"Private":false,"Hidden":false},"Configuration":{"QuestionDescriptionOption":"UseText"},"QuestionDescription":"Loading...","ChoiceOrder":[],"Validation":{"Settings":{"Type":"None"}},"GradingData":[],"Language":[],"NextChoiceId":4,"NextAnswerId":1,"QuestionID":"QID4"}},{"SurveyID":"SV_cu2x15S6PD9Pcua","Element":"SQ","PrimaryAttribute":"QID5","SecondaryAttribute":"Loading...","TertiaryAttribute":null,"Payload":{"QuestionText":"Loading...","QuestionJS":"Qualtrics.SurveyEngine.addOnReady(function()\n{\n\t\/\/ Get configuration data from embedded variables\n\tvar width = 400;\n\tvar height = 800;\n\tvar task_url = Qualtrics.SurveyEngine.getEmbeddedData('cogtask_colorshapes_URL');\n\t\n\t\/\/ Disable next button on page\n\tthis.hideNextButton();\n\tjQuery(\"#Buttons\").hide()\n\n\t\/\/ Show iframed task to user\n\tjQuery(\"#Questions\")\n\t\t.html('<center><iframe allowfullscreen=\"\" src=\"' + task_url + '\" style=\"width:' + \n\t\t\twidth + 'px;height:' + height + 'px;\" frameBorder=\"0\" scrolling=\"no\"><\/iframe><\/center>');\n\tconsole.log(\"iFrame drawn\");\n\t\n\n\t\/\/ Set up auto advance on task complete\n\twindow.addEventListener('message', (event) => {\n\t\tif (event.data['name'] === 'm2c2kit-done') {\n\t\t\t\/\/ Store data into embedded variable\n\t\t\tconsole.log(event.data);\n\t\t\t\n\t\t\t\/\/ Do something when the \"done\" message is received\n\t\t\tconsole.log(\"Event received in parent window (about to show next button)!: \");\n\t\t\t\n\t\t\t\/\/enables the next button - Note that the QuestionData object is bound to this to make it easier to use\n\t\t\tconsole.log(\"programmatically clicking next button\");\n\t\t\tthis.clickNextButton();\n\t\t} else if (event.data['name'] === 'm2c2kit-trialdone') {\n\t\t\t\/\/ Store data into embedded variable\n\t\t} else {\n\t\t\tconsole.log(\"Event received in parent window!: \");\n\t\t\tconsole.log(event);\n\t\t}\n\t});\n});","DefaultChoices":false,"DataExportTag":"cogtask_colorshapes","QuestionType":"DB","Selector":"TB","DataVisibility":{"Private":false,"Hidden":false},"Configuration":{"QuestionDescriptionOption":"UseText"},"QuestionDescription":"Loading...","ChoiceOrder":[],"Validation":{"Settings":{"Type":"None"}},"GradingData":[],"Language":[],"NextChoiceId":4,"NextAnswerId":1,"QuestionID":"QID5"}},{"SurveyID":"SV_cu2x15S6PD9Pcua","Element":"SQ","PrimaryAttribute":"QID27","SecondaryAttribute":"My research is centered in... Select all that apply.","TertiaryAttribute":null,"Payload":{"QuestionText":"My research is centered in...<br \/>\n<br \/>\n<span style=\"font-size:11px;\">Select all that apply.<\/span>","DefaultChoices":false,"DataExportTag":"research_field","QuestionType":"MC","Selector":"MAVR","SubSelector":"TX","Configuration":{"QuestionDescriptionOption":"UseText"},"QuestionDescription":"My research is centered in... Select all that apply.","Choices":{"1":{"Display":"Psychology"},"2":{"Display":"Clinical research"},"3":{"Display":"Kinesiology"},"4":{"Display":"Education"},"5":{"Display":"Gerontology"},"6":{"Display":"Other"}},"ChoiceOrder":["1","2","3","4","5","6"],"Validation":{"Settings":{"ForceResponse":"RequestResponse","ForceResponseType":"RequestResponse","Type":"None","MinChoices":"1"}},"GradingData":[],"Language":[],"NextChoiceId":7,"NextAnswerId":1,"QuestionID":"QID27","DataVisibility":{"Private":false,"Hidden":false}}},{"SurveyID":"SV_cu2x15S6PD9Pcua","Element":"SQ","PrimaryAttribute":"QID39","SecondaryAttribute":"Now it is time to play a brain game! Press\u00a0'Next'\u00a0to continue.Click to write the question text","TertiaryAttribute":null,"Payload":{"QuestionText":"<div style=\"text-align: center;\">Now it is time to play a brain game!<br>\n<br>\nPress&nbsp;<strong>'Next'<\/strong>&nbsp;to continue.Click to write the question text<\/div>","DefaultChoices":false,"DataExportTag":"brain_games_intro","QuestionID":"QID39","QuestionType":"DB","Selector":"TB","Configuration":{"QuestionDescriptionOption":"UseText"},"QuestionDescription":"Now it is time to play a brain game! Press\u00a0'Next'\u00a0to continue.Click to write the question text","ChoiceOrder":[],"Validation":{"Settings":{"Type":"None"}},"GradingData":[],"Language":[],"NextChoiceId":4,"NextAnswerId":1,"DataVisibility":{"Private":false,"Hidden":false}}},{"SurveyID":"SV_cu2x15S6PD9Pcua","Element":"SQ","PrimaryAttribute":"QID16","SecondaryAttribute":"Now it is time to play another brain game! Press 'Next' to continue.","TertiaryAttribute":null,"Payload":{"QuestionText":"<div style=\"text-align: center;\">Now it is time to play another brain game!<br>\n<br>\nPress <strong>'Next'<\/strong> to continue.<\/div>","DefaultChoices":false,"DataExportTag":"brain_games_intro3","QuestionID":"QID16","QuestionType":"DB","Selector":"TB","Configuration":{"QuestionDescriptionOption":"UseText"},"QuestionDescription":"Now it is time to play another brain game! Press 'Next' to continue.","ChoiceOrder":[],"Validation":{"Settings":{"Type":"None"}},"GradingData":[],"Language":[],"NextChoiceId":4,"NextAnswerId":1,"DataVisibility":{"Private":false,"Hidden":false}}},{"SurveyID":"SV_cu2x15S6PD9Pcua","Element":"SQ","PrimaryAttribute":"QID50","SecondaryAttribute":"Now it is time to play another brain game! Press\u00a0'Next'\u00a0to continue.Click to write the question te","TertiaryAttribute":null,"Payload":{"QuestionText":"<div style=\"text-align: center;\">Now it is time to play another brain game!<br>\n<br>\nPress&nbsp;<strong>'Next'<\/strong>&nbsp;to continue.Click to write the question text<\/div>","DefaultChoices":false,"DataExportTag":"brain_games_intro2","QuestionType":"DB","Selector":"TB","DataVisibility":{"Private":false,"Hidden":false},"Configuration":{"QuestionDescriptionOption":"UseText"},"QuestionDescription":"Now it is time to play another brain game! Press\u00a0'Next'\u00a0to continue.Click to write the question text","ChoiceOrder":[],"Validation":{"Settings":{"Type":"None"}},"GradingData":[],"Language":[],"NextChoiceId":4,"NextAnswerId":1,"QuestionID":"QID50"}},{"SurveyID":"SV_cu2x15S6PD9Pcua","Element":"SQ","PrimaryAttribute":"QID17","SecondaryAttribute":"Now it is time to play the next brain game! Press 'Next' to continue.","TertiaryAttribute":null,"Payload":{"QuestionText":"<div style=\"text-align: center;\">Now it is time to play the next brain game!<br \/>\n<br \/>\nPress <strong>&#39;Next&#39;<\/strong> to continue.<\/div>","DefaultChoices":false,"DataExportTag":"Q17","QuestionID":"QID17","QuestionType":"DB","Selector":"TB","DataVisibility":{"Private":false,"Hidden":false},"Configuration":{"QuestionDescriptionOption":"UseText"},"QuestionDescription":"Now it is time to play the next brain game! Press 'Next' to continue.","ChoiceOrder":[],"Validation":{"Settings":{"Type":"None"}},"GradingData":[],"Language":[],"NextChoiceId":4,"NextAnswerId":1}},{"SurveyID":"SV_cu2x15S6PD9Pcua","Element":"SQ","PrimaryAttribute":"QID46","SecondaryAttribute":"Please describe any other reason for your preference:","TertiaryAttribute":null,"Payload":{"QuestionText":"Please describe any other reason for your preference:","DefaultChoices":false,"DataExportTag":"demo_pref_why_other","QuestionID":"QID46","QuestionType":"TE","Selector":"SL","Configuration":{"QuestionDescriptionOption":"UseText"},"QuestionDescription":"Please describe any other reason for your preference:","Validation":{"Settings":{"ForceResponse":"RequestResponse","ForceResponseType":"RequestResponse","Type":"None"}},"GradingData":[],"Language":[],"NextChoiceId":4,"NextAnswerId":1,"SearchSource":{"AllowFreeResponse":"false"},"DisplayLogic":{"0":{"0":{"LogicType":"Question","QuestionID":"QID45","QuestionIsInLoop":"no","ChoiceLocator":"q:\/\/QID45\/SelectableChoice\/3","Operator":"Selected","QuestionIDFromLocator":"QID45","LeftOperand":"q:\/\/QID45\/SelectableChoice\/3","Type":"Expression","Description":"<span class=\"ConjDesc\">If<\/span> <span class=\"QuestionDesc\">Any reason why you preferred one over the other?<\/span> <span class=\"LeftOpDesc\">Other<\/span> <span class=\"OpDesc\">Is Selected<\/span> "},"Type":"If"},"Type":"BooleanExpression","inPage":false}}},{"SurveyID":"SV_cu2x15S6PD9Pcua","Element":"SQ","PrimaryAttribute":"QID22","SecondaryAttribute":"Please describe the other device(s):","TertiaryAttribute":null,"Payload":{"QuestionText":"Please describe the other device(s):","DefaultChoices":false,"DataExportTag":"device_current_other","QuestionID":"QID22","QuestionType":"TE","Selector":"SL","Configuration":{"QuestionDescriptionOption":"UseText"},"QuestionDescription":"Please describe the other device(s):","Validation":{"Settings":{"ForceResponse":"RequestResponse","ForceResponseType":"RequestResponse","Type":"None"}},"GradingData":[],"Language":[],"NextChoiceId":4,"NextAnswerId":1,"SearchSource":{"AllowFreeResponse":"false"},"DisplayLogic":{"0":{"0":{"ChoiceLocator":"q:\/\/QID21\/SelectableChoice\/6","Description":"<span class=\"ConjDesc\">If<\/span> <span class=\"QuestionDesc\">What type of devices do you currently use in your research?<\/span> <span class=\"LeftOpDesc\">Other<\/span> <span class=\"OpDesc\">Is Selected<\/span> ","LeftOperand":"q:\/\/QID21\/SelectableChoice\/6","LogicType":"Question","Operator":"Selected","QuestionID":"QID21","QuestionIDFromLocator":"QID21","QuestionIsInLoop":"no","Type":"Expression"},"Type":"If"},"Type":"BooleanExpression","inPage":false},"DataVisibility":{"Private":false,"Hidden":false}}},{"SurveyID":"SV_cu2x15S6PD9Pcua","Element":"SQ","PrimaryAttribute":"QID34","SecondaryAttribute":"Please describe what other help you would need:","TertiaryAttribute":null,"Payload":{"QuestionText":"Please describe what other help you would need:","DefaultChoices":false,"DataExportTag":"support_other","QuestionID":"QID34","QuestionType":"TE","Selector":"SL","Configuration":{"QuestionDescriptionOption":"UseText"},"QuestionDescription":"Please describe what other help you would need:","Validation":{"Settings":{"ForceResponse":"OFF","Type":"None"}},"GradingData":[],"Language":[],"NextChoiceId":4,"NextAnswerId":1,"SearchSource":{"AllowFreeResponse":"false"},"DisplayLogic":{"0":{"0":{"ChoiceLocator":"q:\/\/QID33\/SelectableChoice\/8","Description":"<span class=\"ConjDesc\">If<\/span> <span class=\"QuestionDesc\">If using this technology, I would need help with...<\/span> <span class=\"LeftOpDesc\">Other<\/span> <span class=\"OpDesc\">Is Selected<\/span> ","LeftOperand":"q:\/\/QID33\/SelectableChoice\/8","LogicType":"Question","Operator":"Selected","QuestionID":"QID33","QuestionIDFromLocator":"QID33","QuestionIsInLoop":"no","Type":"Expression"},"Type":"If"},"Type":"BooleanExpression","inPage":false},"DataVisibility":{"Private":false,"Hidden":false}}},{"SurveyID":"SV_cu2x15S6PD9Pcua","Element":"SQ","PrimaryAttribute":"QID32","SecondaryAttribute":"Please provide the other platform(s):","TertiaryAttribute":null,"Payload":{"QuestionText":"Please provide the other platform(s):","DefaultChoices":false,"DataExportTag":"ema_platform_other","QuestionID":"QID32","QuestionType":"TE","Selector":"SL","Configuration":{"QuestionDescriptionOption":"UseText"},"QuestionDescription":"Please provide the other platform(s):","Validation":{"Settings":{"ForceResponse":"RequestResponse","ForceResponseType":"RequestResponse","Type":"None"}},"GradingData":[],"Language":[],"NextChoiceId":4,"NextAnswerId":1,"SearchSource":{"AllowFreeResponse":"false"},"DisplayLogic":{"0":{"0":{"ChoiceLocator":"q:\/\/QID31\/SelectableChoice\/6","Description":"<span class=\"ConjDesc\">If<\/span> <span class=\"QuestionDesc\">What platform have you used to administer EMA?<\/span> <span class=\"LeftOpDesc\">Other<\/span> <span class=\"OpDesc\">Is Selected<\/span> ","LeftOperand":"q:\/\/QID31\/SelectableChoice\/6","LogicType":"Question","Operator":"Selected","QuestionID":"QID31","QuestionIDFromLocator":"QID31","QuestionIsInLoop":"no","Type":"Expression"},"Type":"If"},"Type":"BooleanExpression","inPage":false},"DataVisibility":{"Private":false,"Hidden":false}}},{"SurveyID":"SV_cu2x15S6PD9Pcua","Element":"SQ","PrimaryAttribute":"QID13","SecondaryAttribute":"RIGHT NOW... How are you feeling?","TertiaryAttribute":null,"Payload":{"QuestionText":"<div style=\"text-align: center;\"><strong>RIGHT NOW...<\/strong><br \/>\n<br \/>\nHow are you feeling?<\/div>","DefaultChoices":false,"DataExportTag":"Q13","QuestionID":"QID13","QuestionType":"Slider","Selector":"HSLIDER","Configuration":{"QuestionDescriptionOption":"UseText","CSSliderMin":0,"CSSliderMax":100,"GridLines":0,"NumDecimals":"0","ShowValue":false,"CustomStart":true,"NotApplicable":false,"MobileFirst":true,"SnapToGrid":false,"SliderStartPositions":{"1":0.50219298245614030218320067433523945510387420654296875}},"QuestionDescription":"RIGHT NOW... How are you feeling?","Choices":{"1":{"Display":""}},"ChoiceOrder":["1"],"Validation":{"Settings":{"ForceResponse":"OFF","Type":"None"}},"GradingData":[],"Language":[],"NextChoiceId":4,"NextAnswerId":8,"Labels":{"1":{"Display":"tired\/sleepy"},"2":{"Display":"awake\/alert"}},"DataVisibility":{"Private":false,"Hidden":false}}},{"SurveyID":"SV_cu2x15S6PD9Pcua","Element":"SQ","PrimaryAttribute":"QID14","SecondaryAttribute":"RIGHT NOW... How is your overall mood?","TertiaryAttribute":null,"Payload":{"QuestionText":"<div style=\"text-align: center;\"><strong>RIGHT NOW...<\/strong><br>\n<br>\nHow is your overall mood?<\/div>","DefaultChoices":false,"DataExportTag":"Q14","QuestionType":"Slider","Selector":"HSLIDER","DataVisibility":{"Private":false,"Hidden":false},"Configuration":{"QuestionDescriptionOption":"UseText","CSSliderMin":0,"CSSliderMax":100,"GridLines":0,"SnapToGrid":false,"NumDecimals":"0","ShowValue":false,"CustomStart":true,"SliderStartPositions":{"1":0.49561403508771928461129618881386704742908477783203125},"NotApplicable":false,"MobileFirst":true},"QuestionDescription":"RIGHT NOW... How is your overall mood?","Choices":{"1":{"Display":""}},"ChoiceOrder":["1"],"Validation":{"Settings":{"ForceResponse":"OFF","Type":"None"}},"GradingData":[],"Language":[],"NextChoiceId":4,"NextAnswerId":8,"Labels":{"1":{"Display":"bad"},"2":{"Display":"good"}},"QuestionID":"QID14"}},{"SurveyID":"SV_cu2x15S6PD9Pcua","Element":"SQ","PrimaryAttribute":"QID6","SecondaryAttribute":"Timing","TertiaryAttribute":null,"Payload":{"QuestionText":"Timing","DefaultChoices":false,"DataExportTag":"cogtask_4_timer","QuestionType":"Timing","Selector":"PageTimer","Configuration":{"QuestionDescriptionOption":"UseText","MinSeconds":"0","MaxSeconds":"0"},"QuestionDescription":"Timing","Choices":{"1":{"Display":"First Click"},"2":{"Display":"Last Click"},"3":{"Display":"Page Submit"},"4":{"Display":"Click Count"}},"GradingData":[],"Language":[],"NextChoiceId":24,"NextAnswerId":1,"QuestionID":"QID6"}},{"SurveyID":"SV_cu2x15S6PD9Pcua","Element":"SQ","PrimaryAttribute":"QID7","SecondaryAttribute":"Timing","TertiaryAttribute":null,"Payload":{"QuestionText":"Timing","DefaultChoices":false,"DataExportTag":"cogtask_3_timer","QuestionType":"Timing","Selector":"PageTimer","DataVisibility":{"Private":false,"Hidden":false},"Configuration":{"QuestionDescriptionOption":"UseText","MinSeconds":"0","MaxSeconds":"0"},"QuestionDescription":"Timing","Choices":{"1":{"Display":"First Click"},"2":{"Display":"Last Click"},"3":{"Display":"Page Submit"},"4":{"Display":"Click Count"}},"GradingData":[],"Language":[],"NextChoiceId":24,"NextAnswerId":1,"QuestionID":"QID7"}},{"SurveyID":"SV_cu2x15S6PD9Pcua","Element":"SQ","PrimaryAttribute":"QID8","SecondaryAttribute":"Timing","TertiaryAttribute":null,"Payload":{"QuestionText":"Timing","DefaultChoices":false,"DataExportTag":"cogtask_2_timer","QuestionType":"Timing","Selector":"PageTimer","DataVisibility":{"Private":false,"Hidden":false},"Configuration":{"QuestionDescriptionOption":"UseText","MinSeconds":"0","MaxSeconds":"0"},"QuestionDescription":"Timing","Choices":{"1":{"Display":"First Click"},"2":{"Display":"Last Click"},"3":{"Display":"Page Submit"},"4":{"Display":"Click Count"}},"GradingData":[],"Language":[],"NextChoiceId":28,"NextAnswerId":1,"QuestionID":"QID8"}},{"SurveyID":"SV_cu2x15S6PD9Pcua","Element":"SQ","PrimaryAttribute":"QID9","SecondaryAttribute":"Timing","TertiaryAttribute":null,"Payload":{"QuestionText":"Timing","DefaultChoices":false,"DataExportTag":"cogtask_1_timer","QuestionType":"Timing","Selector":"PageTimer","DataVisibility":{"Private":false,"Hidden":false},"Configuration":{"QuestionDescriptionOption":"UseText","MinSeconds":"0","MaxSeconds":"0"},"QuestionDescription":"Timing","Choices":{"1":{"Display":"First Click"},"2":{"Display":"Last Click"},"3":{"Display":"Page Submit"},"4":{"Display":"Click Count"}},"GradingData":[],"Language":[],"NextChoiceId":32,"NextAnswerId":1,"QuestionID":"QID9"}},{"SurveyID":"SV_cu2x15S6PD9Pcua","Element":"SQ","PrimaryAttribute":"QID40","SecondaryAttribute":"Welcome to the M2C2kit Demo! You will be asked a few questions about your experience with this te...","TertiaryAttribute":null,"Payload":{"QuestionText":"<div style=\"text-align: center;\"><span style=\"color:#0000cc;\"><strong>Welcome to the M2C2kit Demo!<\/strong><\/span><br>\n<br>\nYou will be asked a few questions about your experience with this technology and&nbsp; your interests along the way.&nbsp;<br>\n<br>\n<span style=\"color:#0000cc;\"><strong>Thank you for your interest!<\/strong><\/span><\/div>","DefaultChoices":false,"DataExportTag":"demo_intro","QuestionID":"QID40","QuestionType":"DB","Selector":"TB","Configuration":{"QuestionDescriptionOption":"UseText"},"QuestionDescription":"Welcome to the M2C2kit Demo! You will be asked a few questions about your experience with this te...","ChoiceOrder":[],"Validation":{"Settings":{"Type":"None"}},"GradingData":[],"Language":[],"NextChoiceId":4,"NextAnswerId":1,"QuestionJS":"Qualtrics.SurveyEngine.addOnload(function()\n{\n\t\/*Place your JavaScript here to run when the page loads*\/\n\n});\n\nQualtrics.SurveyEngine.addOnReady(function()\n{\n\n\t\t\/\/ Hide scrollbars\t\n\t\tjQuery(\"body\").css(\"overflow\", \"hidden\");\n\t\n\t\t\/\/ Hide unnecessary items\n\t\tjQuery(\"#ProgressBar\").hide();\n\t\tjQuery(\"#LogoContainer\").hide();\n\t\tjQuery(\"#HeaderContainer\").hide();\n\t\tjQuery(\"#Plug\").hide();\n\t\tjQuery(\"#Footer\").hide();\n\t\tjQuery(\"#PushStickyFooter\").hide();\n});\n\nQualtrics.SurveyEngine.addOnUnload(function()\n{\n\tif(!jQuery(\"#view-response-modal-header\").length) {\n\t\t\n\t\tconsole.log(\"Ending M2C2Kit routine...\");\n\t\t\n\t\tjQuery(\"#m2c2kit-iframe\").remove();\n\n\t\tjQuery(\"#ProgressBar\").show();\n\t\tjQuery(\"#LogoContainer\").hide();\n\t\tjQuery(\"#HeaderContainer\").show();\n\t\tjQuery(\"#Plug\").show();\n\t\tjQuery(\"#Footer\").show();\n\t\tjQuery(\"#PushStickyFooter\").show();\n\t\tjQuery(\"#Buttons\").show();\n\t}\n\n});","DataVisibility":{"Private":false,"Hidden":false}}},{"SurveyID":"SV_cu2x15S6PD9Pcua","Element":"SQ","PrimaryAttribute":"QID41","SecondaryAttribute":"What device are you completing this on right now? ","TertiaryAttribute":null,"Payload":{"QuestionText":"What device are you completing this on right now?&nbsp;","DataExportTag":"demo_device","QuestionType":"MC","Selector":"SAVR","SubSelector":"TX","Configuration":{"QuestionDescriptionOption":"UseText"},"QuestionDescription":"What device are you completing this on right now? ","Choices":{"1":{"Display":"Android"},"2":{"Display":"iOS"},"3":{"Display":"Own device"}},"ChoiceOrder":["1","2","3"],"Validation":{"Settings":{"ForceResponse":"RequestResponse","ForceResponseType":"RequestResponse","Type":"None"}},"Language":[],"NextChoiceId":4,"NextAnswerId":1,"QuestionID":"QID41","DataVisibility":{"Private":false,"Hidden":false}}},{"SurveyID":"SV_cu2x15S6PD9Pcua","Element":"SQ","PrimaryAttribute":"QID30","SecondaryAttribute":"What do you use to distribute questionnaires?","TertiaryAttribute":null,"Payload":{"QuestionText":"What do you use to distribute questionnaires?","DefaultChoices":false,"DataExportTag":"platform_use_other","QuestionID":"QID30","QuestionType":"TE","Selector":"SL","Configuration":{"QuestionDescriptionOption":"UseText"},"QuestionDescription":"What do you use to distribute questionnaires?","Validation":{"Settings":{"ForceResponse":"RequestResponse","ForceResponseType":"RequestResponse","Type":"None"}},"GradingData":[],"Language":[],"NextChoiceId":4,"NextAnswerId":1,"SearchSource":{"AllowFreeResponse":"false"},"DisplayLogic":{"0":{"0":{"ChoiceLocator":"q:\/\/QID29\/SelectableChoice\/6","Description":"<span class=\"ConjDesc\">If<\/span> <span class=\"QuestionDesc\">I give questionnaires using...<\/span> <span class=\"LeftOpDesc\">Other<\/span> <span class=\"OpDesc\">Is Selected<\/span> ","LeftOperand":"q:\/\/QID29\/SelectableChoice\/6","LogicType":"Question","Operator":"Selected","QuestionID":"QID29","QuestionIDFromLocator":"QID29","QuestionIsInLoop":"no","Type":"Expression"},"Type":"If"},"Type":"BooleanExpression","inPage":false},"DataVisibility":{"Private":false,"Hidden":false}}},{"SurveyID":"SV_cu2x15S6PD9Pcua","Element":"SQ","PrimaryAttribute":"QID48","SecondaryAttribute":"What is your current comfort level with programming research applications? ","TertiaryAttribute":null,"Payload":{"QuestionText":"What is your current comfort level with programming research applications?&nbsp;","DataExportTag":"tech_comfort","QuestionType":"MC","Selector":"SAVR","SubSelector":"TX","Configuration":{"QuestionDescriptionOption":"UseText"},"QuestionDescription":"What is your current comfort level with programming research applications? ","Choices":{"1":{"Display":"Novice"},"2":{"Display":"Advanced beginner"},"3":{"Display":"Competent"},"4":{"Display":"Proficient"},"5":{"Display":"Expert"}},"ChoiceOrder":["1","2","3","4","5"],"Validation":{"Settings":{"ForceResponse":"OFF","Type":"None"}},"Language":[],"NextChoiceId":6,"NextAnswerId":1,"QuestionID":"QID48"}},{"SurveyID":"SV_cu2x15S6PD9Pcua","Element":"SQ","PrimaryAttribute":"QID26","SecondaryAttribute":"What is your job title?","TertiaryAttribute":null,"Payload":{"QuestionText":"What is your job title?","DefaultChoices":false,"DataExportTag":"job_describe","QuestionType":"TE","Selector":"SL","Configuration":{"QuestionDescriptionOption":"UseText"},"QuestionDescription":"What is your job title?","Validation":{"Settings":{"ForceResponse":"RequestResponse","ForceResponseType":"RequestResponse","Type":"None"}},"GradingData":[],"Language":[],"NextChoiceId":4,"NextAnswerId":1,"SearchSource":{"AllowFreeResponse":"false"},"QuestionID":"QID26","DisplayLogic":{"0":{"0":{"ChoiceLocator":"q:\/\/QID25\/SelectableChoice\/5","Description":"<span class=\"ConjDesc\">If<\/span> <span class=\"QuestionDesc\">I am currently a(n)...&amp;nbsp;\n\nSelect all that apply.<\/span> <span class=\"LeftOpDesc\">Other<\/span> <span class=\"OpDesc\">Is Selected<\/span> ","LeftOperand":"q:\/\/QID25\/SelectableChoice\/5","LogicType":"Question","Operator":"Selected","QuestionID":"QID25","QuestionIDFromLocator":"QID25","QuestionIsInLoop":"no","Type":"Expression"},"Type":"If"},"Type":"BooleanExpression","inPage":false},"DataVisibility":{"Private":false,"Hidden":false}}},{"SurveyID":"SV_cu2x15S6PD9Pcua","Element":"SQ","PrimaryAttribute":"QID28","SecondaryAttribute":"What other research are you centered on?","TertiaryAttribute":null,"Payload":{"QuestionText":"What other research are you centered on?","DefaultChoices":false,"DataExportTag":"research_field_other","QuestionType":"TE","Selector":"SL","Configuration":{"QuestionDescriptionOption":"UseText"},"QuestionDescription":"What other research are you centered on?","Validation":{"Settings":{"ForceResponse":"RequestResponse","ForceResponseType":"RequestResponse","Type":"None"}},"GradingData":[],"Language":[],"NextChoiceId":4,"NextAnswerId":1,"SearchSource":{"AllowFreeResponse":"false"},"QuestionID":"QID28","DisplayLogic":{"0":{"0":{"ChoiceLocator":"q:\/\/QID27\/SelectableChoice\/6","Description":"<span class=\"ConjDesc\">If<\/span> <span class=\"QuestionDesc\">My research is centered in...<\/span> <span class=\"LeftOpDesc\">Other<\/span> <span class=\"OpDesc\">Is Selected<\/span> ","LeftOperand":"q:\/\/QID27\/SelectableChoice\/6","LogicType":"Question","Operator":"Selected","QuestionID":"QID27","QuestionIDFromLocator":"QID27","QuestionIsInLoop":"no","Type":"Expression"},"Type":"If"},"Type":"BooleanExpression","inPage":false},"DataVisibility":{"Private":false,"Hidden":false}}},{"SurveyID":"SV_cu2x15S6PD9Pcua","Element":"SQ","PrimaryAttribute":"QID31","SecondaryAttribute":"What platform have you used to administer EMA? Select all that apply.","TertiaryAttribute":null,"Payload":{"QuestionText":"What platform have you used to administer EMA?<br \/>\n<br \/>\n<span style=\"font-size:11px;\">Select all that apply.<\/span>","DataExportTag":"ema_platform","QuestionType":"MC","Selector":"MAVR","SubSelector":"TX","Configuration":{"QuestionDescriptionOption":"UseText"},"QuestionDescription":"What platform have you used to administer EMA? Select all that apply.","Choices":{"1":{"Display":"REDCap"},"2":{"Display":"Qualtrics"},"3":{"Display":"MetricWire"},"4":{"Display":"Movisens"},"5":{"Display":"Neuroux"},"6":{"Display":"Other"}},"ChoiceOrder":["1","2","3","4","5","6"],"Validation":{"Settings":{"ForceResponse":"RequestResponse","ForceResponseType":"RequestResponse","Type":"None"}},"Language":[],"NextChoiceId":7,"NextAnswerId":1,"QuestionID":"QID31","DataVisibility":{"Private":false,"Hidden":false}}},{"SurveyID":"SV_cu2x15S6PD9Pcua","Element":"SQ","PrimaryAttribute":"QID15","SecondaryAttribute":"What time did you go to bed last night?","TertiaryAttribute":null,"Payload":{"QuestionText":"What time did you go to bed last night?","DefaultChoices":false,"DataExportTag":"Q15","QuestionID":"QID15","QuestionType":"TE","Selector":"FORM","Configuration":{"QuestionDescriptionOption":"UseText"},"QuestionDescription":"What time did you go to bed last night?","Choices":{"16":{"Display":"HH:MM"}},"ChoiceOrder":["16"],"Validation":{"Settings":{"ForceResponse":"OFF","Type":null}},"GradingData":[],"Language":[],"NextChoiceId":17,"NextAnswerId":1,"SearchSource":{"AllowFreeResponse":"false"}}},{"SurveyID":"SV_cu2x15S6PD9Pcua","Element":"SQ","PrimaryAttribute":"QID21","SecondaryAttribute":"What type of devices do you currently use in your research? Select all that apply.","TertiaryAttribute":null,"Payload":{"QuestionText":"What type of devices do you currently use in your research?<br \/>\n<br \/>\n<span style=\"font-size:11px;\">Select all that apply.<\/span>","DataExportTag":"device_current","QuestionType":"MC","Selector":"MAVR","SubSelector":"TX","Configuration":{"QuestionDescriptionOption":"UseText"},"QuestionDescription":"What type of devices do you currently use in your research? Select all that apply.","Choices":{"1":{"Display":"Smartphone (iOS, Android)"},"2":{"Display":"Tablets"},"3":{"Display":"Laptop"},"4":{"Display":"Desktop computer"},"5":{"Display":"Wearable devices (e.g., Fitbit, Actiwatch, activPAL, etc.)"},"6":{"Display":"Other"},"7":{"Display":"I do not currently use any devices in my research"}},"ChoiceOrder":["1","2","3","4","5","6","7"],"Validation":{"Settings":{"ForceResponse":"RequestResponse","ForceResponseType":"RequestResponse","Type":"None"}},"Language":[],"NextChoiceId":8,"NextAnswerId":1,"QuestionID":"QID21","DataVisibility":{"Private":false,"Hidden":false}}},{"SurveyID":"SV_cu2x15S6PD9Pcua","Element":"SQ","PrimaryAttribute":"QID47","SecondaryAttribute":"What would you find important in being able to administer this technology?\u00a0 Select all that apply.","TertiaryAttribute":null,"Payload":{"QuestionText":"What would you find important in being able to administer this technology?&nbsp;<br \/>\n<br \/>\n<span style=\"font-size:11px;\">Select all that apply.<\/span>","DataExportTag":"admin_pref","QuestionType":"MC","Selector":"MAVR","SubSelector":"TX","Configuration":{"QuestionDescriptionOption":"UseText"},"QuestionDescription":"What would you find important in being able to administer this technology?\u00a0 Select all that apply.","Choices":{"1":{"Display":"User-friendly interface"},"2":{"Display":"Features and customization options for survey questions"},"3":{"Display":"Features and customization options for cognitive assessments"},"4":{"Display":"Survey design templates"},"5":{"Display":"Data analysis and reporting tools"},"6":{"Display":"Customer support and assistance"},"7":{"Display":"Pricing and affordability"},"8":{"Display":"Scheduling for EMA protocols"},"9":{"Display":"Offline capabilities"},"10":{"Display":"Other"},"11":{"Display":"Compliance dashboard"}},"ChoiceOrder":["1","2","3","4","5","6","7","8","9","11","10"],"Validation":{"Settings":{"ForceResponse":"OFF","Type":"None"}},"Language":[],"NextChoiceId":12,"NextAnswerId":1,"QuestionID":"QID47"}}]}